// !$*UTF8*$!
{
	archiveVersion = 1;
	classes = {
	};
	objectVersion = 45;
	objects = {

/* Begin PBXAggregateTarget section */
		6DA88DCCB54EF92BE67CD9FA /* Qt Preprocess */ = {
			isa = PBXAggregateTarget;
			buildConfigurationList = 6CC3B5D2136C7CD6A5CF5A59 /* Build configuration list for PBXNativeTarget "NPC-Handler" */;
			buildPhases = (
				5E618435888B9D49F8540165 /* Qt Qmake */,
				7EF0942E79C014DCEC8976BC /* Qt Preprocessors */,
			);
			dependencies = (
			);
			name = "Qt Preprocess";
			productName = "Qt Preprocess";
		};
/* End PBXAggregateTarget section */

/* Begin PBXBuildFile section */
		024CE9F3EDE8A9D99BAEDF3E /* qrc_qmake_qmake_qm_files.cpp in Compile Sources */ = {isa = PBXBuildFile; fileRef = 618DE653A6EC0041FFC27EBF /* qrc_qmake_qmake_qm_files.cpp */; settings = {ATTRIBUTES = (); }; };
		0B3407EC774D0324FC169F9C /* LaunchScreen.storyboard in Copy Bundle Resources */ = {isa = PBXBuildFile; fileRef = 155F823D3C7EF4C9083150D0 /* LaunchScreen.storyboard */; };
		0CE02722F00CAD43741297B5 /* CoreGraphics.framework in Link Binary With Libraries */ = {isa = PBXBuildFile; fileRef = 6AE3EC31EE5BB1FCEE84137C /* CoreGraphics.framework */; };
		0E945307E56BE06BA05C288A /* libQt6BundledLibpng_debug.a in Link Binary With Libraries */ = {isa = PBXBuildFile; fileRef = 166B16E81665C453A013A702 /* libQt6BundledLibpng_debug.a */; };
		0F9B662F03064A1477412DAC /* qgif in Link Binary With Libraries */ = {isa = PBXBuildFile; fileRef = 7937DAC6D19B8AED3FEF5BDF /* qgif */; };
		13F251972B1764A16F1852BC /* qjpeg in Link Binary With Libraries */ = {isa = PBXBuildFile; fileRef = 99C054868478B8C14BEC8E1A /* qjpeg */; };
		17509B12BF6E917C1B4DAF73 /* qios in Link Binary With Libraries */ = {isa = PBXBuildFile; fileRef = 99FD96ADE1D251543886B712 /* qios */; };
		24FFB0D552F9499E5291A0A3 /* Qt6Core in Link Binary With Libraries */ = {isa = PBXBuildFile; fileRef = 25E326249680383001997C71 /* Qt6Core */; };
		2B02D9DC58A01E45248DDBCE /* CoreText.framework in Link Binary With Libraries */ = {isa = PBXBuildFile; fileRef = 7D7B02101166B76FD2D4F8B4 /* CoreText.framework */; };
		30A19EAC23C934F0DFD30233 /* main.cpp in Compile Sources */ = {isa = PBXBuildFile; fileRef = 652DE6F9022666D863E8CD28 /* main.cpp */; settings = {ATTRIBUTES = (); }; };
		373727B3EDFE4D6B54908D2E /* Qt6OpenGL in Link Binary With Libraries */ = {isa = PBXBuildFile; fileRef = 349CFC51F22360600A6F6BE1 /* Qt6OpenGL */; };
		44F801E992158CBF28440A9A /* qico in Link Binary With Libraries */ = {isa = PBXBuildFile; fileRef = 64966A1FAA4F81D2B948460A /* qico */; };
		4EB68D0C8182BCE33529C421 /* AudioToolbox.framework in Link Binary With Libraries */ = {isa = PBXBuildFile; fileRef = 3C44131FDCFEF4396B9EA2BA /* AudioToolbox.framework */; };
		535B2443420AC625609CAC44 /* npc-handler_plugin_import.cpp in Compile Sources */ = {isa = PBXBuildFile; fileRef = CCAB9C89AB3BB8D7958CAF45 /* npc-handler_plugin_import.cpp */; settings = {ATTRIBUTES = (); }; };
		61EEC397DC8556BF8C4E36A7 /* ImageIO.framework in Link Binary With Libraries */ = {isa = PBXBuildFile; fileRef = 3A8EF9C62A8D4790CBB89CEA /* ImageIO.framework */; };
		6811505C956ACE01FD32B111 /* qrc_resources.cpp in Compile Sources */ = {isa = PBXBuildFile; fileRef = F241919E4AC24B2C7B3096B2 /* qrc_resources.cpp */; settings = {ATTRIBUTES = (); }; };
		6C507C847DF0BF46A379BCA1 /* moc_mainwindow.cpp in Compile Sources */ = {isa = PBXBuildFile; fileRef = D8F9138727EA8A2D6EBC7236 /* moc_mainwindow.cpp */; settings = {ATTRIBUTES = (); }; };
		92BDFAA0F9908851381C9D78 /* qsvgicon in Link Binary With Libraries */ = {isa = PBXBuildFile; fileRef = CD47F006E05A08DC575294E1 /* qsvgicon */; };
		97B4333CE65EACFA826421FB /* libQt6BundledFreetype_debug.a in Link Binary With Libraries */ = {isa = PBXBuildFile; fileRef = 3EDD47EC85931C2734FC6D85 /* libQt6BundledFreetype_debug.a */; };
		A4B5D9E1E3867A5AC2ADDB56 /* Qt6Svg in Link Binary With Libraries */ = {isa = PBXBuildFile; fileRef = 417168B7DA3E379A05CE832A /* Qt6Svg */; };
		A778789CD96E740A0706DB5C /* mainwindow.cpp in Compile Sources */ = {isa = PBXBuildFile; fileRef = FDF9C9FB90759A6A7C9AFBC0 /* mainwindow.cpp */; settings = {ATTRIBUTES = (); }; };
		AEE91BF79204CFBAB058851C /* qrc_qpdf.cpp.o in Link Binary With Libraries */ = {isa = PBXBuildFile; fileRef = 4F7945B1ED44A1F21C5FE046 /* qrc_qpdf.cpp.o */; };
		B3FE8FAC746D3D5BB24FA398 /* Metal.framework in Link Binary With Libraries */ = {isa = PBXBuildFile; fileRef = 1B2543FCC48E9436F21C4F63 /* Metal.framework */; };
		B460F624007324313696BE86 /* QuartzCore.framework in Link Binary With Libraries */ = {isa = PBXBuildFile; fileRef = 7EC00404ACD5AB0E97726B0E /* QuartzCore.framework */; };
		B6FC579C2C28038F7D5CB42B /* qrc_qstyle1.cpp.o in Link Binary With Libraries */ = {isa = PBXBuildFile; fileRef = C0575ED746D09F6815E6FF54 /* qrc_qstyle1.cpp.o */; };
		C198227CA72715C6AAE48F1D /* libQt6BundledHarfbuzz_debug.a in Link Binary With Libraries */ = {isa = PBXBuildFile; fileRef = 8F5105E280E2EDACA1B7E6F4 /* libQt6BundledHarfbuzz_debug.a */; };
		C1A18D7A57B87012BE3E158F /* Qt6Widgets in Link Binary With Libraries */ = {isa = PBXBuildFile; fileRef = 77CE08444953478D63AA9660 /* Qt6Widgets */; };
		C579725B61C295D97E21BCF2 /* qrc_qmessagebox.cpp.o in Link Binary With Libraries */ = {isa = PBXBuildFile; fileRef = 02831F1C12CAD1637844C41B /* qrc_qmessagebox.cpp.o */; };
		C9B5C543E539717C262FD9E7 /* qrc_qstyle.cpp.o in Link Binary With Libraries */ = {isa = PBXBuildFile; fileRef = 690928B2F9C2E71941BE1A9C /* qrc_qstyle.cpp.o */; };
		CCB77F686FEB5FDCB8ACBB80 /* libQt6BundledPcre2_debug.a in Link Binary With Libraries */ = {isa = PBXBuildFile; fileRef = F43459697CF2BBD68974C856 /* libQt6BundledPcre2_debug.a */; };
		F26454630C80841CBDCFE1CA /* Foundation.framework in Link Binary With Libraries */ = {isa = PBXBuildFile; fileRef = FCC237CA5AD60B9BA4447615 /* Foundation.framework */; };
		F565FBFD1CCB80DA53193BBB /* Qt6Gui in Link Binary With Libraries */ = {isa = PBXBuildFile; fileRef = 25FBB853B8D7BE63A380FA1B /* Qt6Gui */; };
		F8B465CE34D8DF87AAE95913 /* CoreFoundation.framework in Link Binary With Libraries */ = {isa = PBXBuildFile; fileRef = 4D765E1B1EA6C757220C63E7 /* CoreFoundation.framework */; };
		FAA4315E754F3E14AF54C145 /* qsvg in Link Binary With Libraries */ = {isa = PBXBuildFile; fileRef = E5F72C5B55709DEE503379BE /* qsvg */; };
/* End PBXBuildFile section */

/* Begin PBXContainerItemProxy section */
		2C9F3AF128867FBA00D710BB /* PBXContainerItemProxy */ = {
			isa = PBXContainerItemProxy;
			containerPortal = 6DB9C3763D02B1415CD9D565 /* Project object */;
			proxyType = 1;
			remoteGlobalIDString = 6DA88DCCB54EF92BE67CD9FA;
			remoteInfo = "Qt Preprocess";
		};
/* End PBXContainerItemProxy section */

/* Begin PBXCopyFilesBuildPhase section */
		99542592E9780B9225F24AA8 /* Embed Frameworks */ = {
			isa = PBXCopyFilesBuildPhase;
			buildActionMask = 2147483647;
			dstPath = "";
			dstSubfolderSpec = 10;
			files = (
			);
			name = "Embed Frameworks";
			runOnlyForDeploymentPostprocessing = 0;
		};
/* End PBXCopyFilesBuildPhase section */

/* Begin PBXFileReference section */
		02831F1C12CAD1637844C41B /* qrc_qmessagebox.cpp.o */ = {isa = PBXFileReference; lastKnownFileType = "compiled.mach-o.objfile"; name = qrc_qmessagebox.cpp.o; path = "/Applications/Qt/6.2.4/ios/lib/objects-Debug/Widgets_resources_3/.rcc/qrc_qmessagebox.cpp.o"; sourceTree = "<absolute>"; };
		155F823D3C7EF4C9083150D0 /* LaunchScreen.storyboard */ = {isa = PBXFileReference; lastKnownFileType = file.storyboard; name = LaunchScreen.storyboard; path = "/Users/marcus/Documents/Dev/Repo/Genshin-Impact-BWiKi-NPC-Editor/Visual-Editor/build-NPC-Handler-Qt_6_2_4_for_iOS-Debug/NPC-Handler.xcodeproj/LaunchScreen.storyboard"; sourceTree = "<absolute>"; };
		166B16E81665C453A013A702 /* libQt6BundledLibpng_debug.a */ = {isa = PBXFileReference; lastKnownFileType = archive.ar; name = libQt6BundledLibpng_debug.a; path = /Applications/Qt/6.2.4/ios/lib/libQt6BundledLibpng_debug.a; sourceTree = "<absolute>"; };
		1B2543FCC48E9436F21C4F63 /* Metal.framework */ = {isa = PBXFileReference; lastKnownFileType = wrapper.framework; name = Metal.framework; path = /System/Library/Frameworks/Metal.framework; sourceTree = "<absolute>"; };
		1FE3F8EE5D88CBFD7B5F4921 /* NPC-Handler.pro */ = {isa = PBXFileReference; lastKnownFileType = text; name = "NPC-Handler.pro"; path = "/Users/marcus/Documents/Dev/Repo/Genshin-Impact-BWiKi-NPC-Editor/Visual-Editor/build-NPC-Handler-Qt_6_2_4_for_iOS-Debug/NPC-Handler.pro"; sourceTree = "<absolute>"; };
		25E326249680383001997C71 /* Qt6Core */ = {isa = PBXFileReference; lastKnownFileType = archive.ar; name = Qt6Core; path = "/Applications/Qt/6.2.4/ios/lib/libQt6Core$(QT_LIBRARY_SUFFIX).a"; sourceTree = "<absolute>"; };
		25FBB853B8D7BE63A380FA1B /* Qt6Gui */ = {isa = PBXFileReference; lastKnownFileType = archive.ar; name = Qt6Gui; path = "/Applications/Qt/6.2.4/ios/lib/libQt6Gui$(QT_LIBRARY_SUFFIX).a"; sourceTree = "<absolute>"; };
		349CFC51F22360600A6F6BE1 /* Qt6OpenGL */ = {isa = PBXFileReference; lastKnownFileType = archive.ar; name = Qt6OpenGL; path = "/Applications/Qt/6.2.4/ios/lib/libQt6OpenGL$(QT_LIBRARY_SUFFIX).a"; sourceTree = "<absolute>"; };
		3A8EF9C62A8D4790CBB89CEA /* ImageIO.framework */ = {isa = PBXFileReference; lastKnownFileType = wrapper.framework; name = ImageIO.framework; path = /System/Library/Frameworks/ImageIO.framework; sourceTree = "<absolute>"; };
		3C44131FDCFEF4396B9EA2BA /* AudioToolbox.framework */ = {isa = PBXFileReference; lastKnownFileType = wrapper.framework; name = AudioToolbox.framework; path = /System/Library/Frameworks/AudioToolbox.framework; sourceTree = "<absolute>"; };
		3EDD47EC85931C2734FC6D85 /* libQt6BundledFreetype_debug.a */ = {isa = PBXFileReference; lastKnownFileType = archive.ar; name = libQt6BundledFreetype_debug.a; path = /Applications/Qt/6.2.4/ios/lib/libQt6BundledFreetype_debug.a; sourceTree = "<absolute>"; };
		417168B7DA3E379A05CE832A /* Qt6Svg */ = {isa = PBXFileReference; lastKnownFileType = archive.ar; name = Qt6Svg; path = "/Applications/Qt/6.2.4/ios/lib/libQt6Svg$(QT_LIBRARY_SUFFIX).a"; sourceTree = "<absolute>"; };
		437AA4F975BAA4A55CC3BC17 /* ui_mainwindow.h */ = {isa = PBXFileReference; lastKnownFileType = sourcecode.c.h; name = ui_mainwindow.h; path = "/Users/marcus/Documents/Dev/Repo/Genshin-Impact-BWiKi-NPC-Editor/Visual-Editor/build-NPC-Handler-Qt_6_2_4_for_iOS-Debug/ui_mainwindow.h"; sourceTree = "<absolute>"; };
		4D765E1B1EA6C757220C63E7 /* CoreFoundation.framework */ = {isa = PBXFileReference; lastKnownFileType = wrapper.framework; name = CoreFoundation.framework; path = /System/Library/Frameworks/CoreFoundation.framework; sourceTree = "<absolute>"; };
		4F7945B1ED44A1F21C5FE046 /* qrc_qpdf.cpp.o */ = {isa = PBXFileReference; lastKnownFileType = "compiled.mach-o.objfile"; name = qrc_qpdf.cpp.o; path = "/Applications/Qt/6.2.4/ios/lib/objects-Debug/Gui_resources_1/.rcc/qrc_qpdf.cpp.o"; sourceTree = "<absolute>"; };
		618DE653A6EC0041FFC27EBF /* qrc_qmake_qmake_qm_files.cpp */ = {isa = PBXFileReference; lastKnownFileType = sourcecode.cpp.cpp; name = qrc_qmake_qmake_qm_files.cpp; path = "/Users/marcus/Documents/Dev/Repo/Genshin-Impact-BWiKi-NPC-Editor/Visual-Editor/build-NPC-Handler-Qt_6_2_4_for_iOS-Debug/qrc_qmake_qmake_qm_files.cpp"; sourceTree = "<absolute>"; };
		64966A1FAA4F81D2B948460A /* qico */ = {isa = PBXFileReference; lastKnownFileType = archive.ar; name = qico; path = "/Applications/Qt/6.2.4/ios/plugins/imageformats/libqico$(QT_LIBRARY_SUFFIX).a"; sourceTree = "<absolute>"; };
		652DE6F9022666D863E8CD28 /* main.cpp */ = {isa = PBXFileReference; lastKnownFileType = sourcecode.cpp.cpp; name = main.cpp; path = "/Users/marcus/Documents/Dev/Repo/Genshin-Impact-BWiKi-NPC-Editor/Visual-Editor/NPC-Handler/main.cpp"; sourceTree = "<absolute>"; };
		654788605A7C3C3EE419EAD0 /* mainwindow.h */ = {isa = PBXFileReference; lastKnownFileType = sourcecode.c.h; name = mainwindow.h; path = "/Users/marcus/Documents/Dev/Repo/Genshin-Impact-BWiKi-NPC-Editor/Visual-Editor/NPC-Handler/mainwindow.h"; sourceTree = "<absolute>"; };
		690928B2F9C2E71941BE1A9C /* qrc_qstyle.cpp.o */ = {isa = PBXFileReference; lastKnownFileType = "compiled.mach-o.objfile"; name = qrc_qstyle.cpp.o; path = "/Applications/Qt/6.2.4/ios/lib/objects-Debug/Widgets_resources_1/.rcc/qrc_qstyle.cpp.o"; sourceTree = "<absolute>"; };
		6AE3EC31EE5BB1FCEE84137C /* CoreGraphics.framework */ = {isa = PBXFileReference; lastKnownFileType = wrapper.framework; name = CoreGraphics.framework; path = /System/Library/Frameworks/CoreGraphics.framework; sourceTree = "<absolute>"; };
		77CE08444953478D63AA9660 /* Qt6Widgets */ = {isa = PBXFileReference; lastKnownFileType = archive.ar; name = Qt6Widgets; path = "/Applications/Qt/6.2.4/ios/lib/libQt6Widgets$(QT_LIBRARY_SUFFIX).a"; sourceTree = "<absolute>"; };
		7937DAC6D19B8AED3FEF5BDF /* qgif */ = {isa = PBXFileReference; lastKnownFileType = archive.ar; name = qgif; path = "/Applications/Qt/6.2.4/ios/plugins/imageformats/libqgif$(QT_LIBRARY_SUFFIX).a"; sourceTree = "<absolute>"; };
		7D7B02101166B76FD2D4F8B4 /* CoreText.framework */ = {isa = PBXFileReference; lastKnownFileType = wrapper.framework; name = CoreText.framework; path = /System/Library/Frameworks/CoreText.framework; sourceTree = "<absolute>"; };
		7EC00404ACD5AB0E97726B0E /* QuartzCore.framework */ = {isa = PBXFileReference; lastKnownFileType = wrapper.framework; name = QuartzCore.framework; path = /System/Library/Frameworks/QuartzCore.framework; sourceTree = "<absolute>"; };
		88E5A2E63A1C12487268A8B0 /* mainwindow.ui */ = {isa = PBXFileReference; lastKnownFileType = text.xml; name = mainwindow.ui; path = "/Users/marcus/Documents/Dev/Repo/Genshin-Impact-BWiKi-NPC-Editor/Visual-Editor/NPC-Handler/mainwindow.ui"; sourceTree = "<absolute>"; };
		8F5105E280E2EDACA1B7E6F4 /* libQt6BundledHarfbuzz_debug.a */ = {isa = PBXFileReference; lastKnownFileType = archive.ar; name = libQt6BundledHarfbuzz_debug.a; path = /Applications/Qt/6.2.4/ios/lib/libQt6BundledHarfbuzz_debug.a; sourceTree = "<absolute>"; };
		99C054868478B8C14BEC8E1A /* qjpeg */ = {isa = PBXFileReference; lastKnownFileType = archive.ar; name = qjpeg; path = "/Applications/Qt/6.2.4/ios/plugins/imageformats/libqjpeg$(QT_LIBRARY_SUFFIX).a"; sourceTree = "<absolute>"; };
		99FD96ADE1D251543886B712 /* qios */ = {isa = PBXFileReference; lastKnownFileType = archive.ar; name = qios; path = "/Applications/Qt/6.2.4/ios/plugins/platforms/libqios$(QT_LIBRARY_SUFFIX).a"; sourceTree = "<absolute>"; };
		B29622BC998E7BF6CC1C62B4 /* NPC-Handler.pro */ = {isa = PBXFileReference; lastKnownFileType = text; name = "NPC-Handler.pro"; path = "/Users/marcus/Documents/Dev/Repo/Genshin-Impact-BWiKi-NPC-Editor/Visual-Editor/NPC-Handler/NPC-Handler.pro"; sourceTree = "<absolute>"; };
		C0575ED746D09F6815E6FF54 /* qrc_qstyle1.cpp.o */ = {isa = PBXFileReference; lastKnownFileType = "compiled.mach-o.objfile"; name = qrc_qstyle1.cpp.o; path = "/Applications/Qt/6.2.4/ios/lib/objects-Debug/Widgets_resources_2/.rcc/qrc_qstyle1.cpp.o"; sourceTree = "<absolute>"; };
		CCAB9C89AB3BB8D7958CAF45 /* npc-handler_plugin_import.cpp */ = {isa = PBXFileReference; lastKnownFileType = sourcecode.cpp.cpp; name = "npc-handler_plugin_import.cpp"; path = "/Users/marcus/Documents/Dev/Repo/Genshin-Impact-BWiKi-NPC-Editor/Visual-Editor/build-NPC-Handler-Qt_6_2_4_for_iOS-Debug/npc-handler_plugin_import.cpp"; sourceTree = "<absolute>"; };
		CD47F006E05A08DC575294E1 /* qsvgicon */ = {isa = PBXFileReference; lastKnownFileType = archive.ar; name = qsvgicon; path = "/Applications/Qt/6.2.4/ios/plugins/iconengines/libqsvgicon$(QT_LIBRARY_SUFFIX).a"; sourceTree = "<absolute>"; };
		CF59D75A94E62E8092CE5C0E /* NPC-Handler.app */ = {isa = PBXFileReference; explicitFileType = wrapper.application; includeInIndex = 0; path = "NPC-Handler.app"; sourceTree = BUILT_PRODUCTS_DIR; };
		D59684CD95DE3D6CBBA97154 /* .qmake.stash */ = {isa = PBXFileReference; lastKnownFileType = text; name = .qmake.stash; path = "/Users/marcus/Documents/Dev/Repo/Genshin-Impact-BWiKi-NPC-Editor/Visual-Editor/build-NPC-Handler-Qt_6_2_4_for_iOS-Debug/.qmake.stash"; sourceTree = "<absolute>"; };
		D8F9138727EA8A2D6EBC7236 /* moc_mainwindow.cpp */ = {isa = PBXFileReference; lastKnownFileType = sourcecode.cpp.cpp; name = moc_mainwindow.cpp; path = "/Users/marcus/Documents/Dev/Repo/Genshin-Impact-BWiKi-NPC-Editor/Visual-Editor/build-NPC-Handler-Qt_6_2_4_for_iOS-Debug/moc_mainwindow.cpp"; sourceTree = "<absolute>"; };
		E453F2FBA78BCC32C2508D83 /* resources.qrc */ = {isa = PBXFileReference; lastKnownFileType = text; name = resources.qrc; path = "/Users/marcus/Documents/Dev/Repo/Genshin-Impact-BWiKi-NPC-Editor/Visual-Editor/NPC-Handler/resources.qrc"; sourceTree = "<absolute>"; };
		E59AE3231B46F7BFC7BDC7CA /* NPC-Handler_en_US.ts */ = {isa = PBXFileReference; lastKnownFileType = text.xml; name = "NPC-Handler_en_US.ts"; path = "/Users/marcus/Documents/Dev/Repo/Genshin-Impact-BWiKi-NPC-Editor/Visual-Editor/NPC-Handler/NPC-Handler_en_US.ts"; sourceTree = "<absolute>"; };
		E5F72C5B55709DEE503379BE /* qsvg */ = {isa = PBXFileReference; lastKnownFileType = archive.ar; name = qsvg; path = "/Applications/Qt/6.2.4/ios/plugins/imageformats/libqsvg$(QT_LIBRARY_SUFFIX).a"; sourceTree = "<absolute>"; };
		E81FF446D86AAB7758547466 /* qmake_qmake_qm_files.qrc */ = {isa = PBXFileReference; lastKnownFileType = text; name = qmake_qmake_qm_files.qrc; path = "/Users/marcus/Documents/Dev/Repo/Genshin-Impact-BWiKi-NPC-Editor/Visual-Editor/build-NPC-Handler-Qt_6_2_4_for_iOS-Debug/qmake_qmake_qm_files.qrc"; sourceTree = "<absolute>"; };
		F241919E4AC24B2C7B3096B2 /* qrc_resources.cpp */ = {isa = PBXFileReference; lastKnownFileType = sourcecode.cpp.cpp; name = qrc_resources.cpp; path = "/Users/marcus/Documents/Dev/Repo/Genshin-Impact-BWiKi-NPC-Editor/Visual-Editor/build-NPC-Handler-Qt_6_2_4_for_iOS-Debug/qrc_resources.cpp"; sourceTree = "<absolute>"; };
		F43459697CF2BBD68974C856 /* libQt6BundledPcre2_debug.a */ = {isa = PBXFileReference; lastKnownFileType = archive.ar; name = libQt6BundledPcre2_debug.a; path = /Applications/Qt/6.2.4/ios/lib/libQt6BundledPcre2_debug.a; sourceTree = "<absolute>"; };
		FCC237CA5AD60B9BA4447615 /* Foundation.framework */ = {isa = PBXFileReference; lastKnownFileType = wrapper.framework; name = Foundation.framework; path = /System/Library/Frameworks/Foundation.framework; sourceTree = "<absolute>"; };
		FDF9C9FB90759A6A7C9AFBC0 /* mainwindow.cpp */ = {isa = PBXFileReference; lastKnownFileType = sourcecode.cpp.cpp; name = mainwindow.cpp; path = "/Users/marcus/Documents/Dev/Repo/Genshin-Impact-BWiKi-NPC-Editor/Visual-Editor/NPC-Handler/mainwindow.cpp"; sourceTree = "<absolute>"; };
/* End PBXFileReference section */

/* Begin PBXFrameworksBuildPhase section */
		D1C883685E82D5676953459A /* Link Binary With Libraries */ = {
			isa = PBXFrameworksBuildPhase;
			buildActionMask = 2147483647;
			files = (
				17509B12BF6E917C1B4DAF73 /* qios in Link Binary With Libraries */,
				AEE91BF79204CFBAB058851C /* qrc_qpdf.cpp.o in Link Binary With Libraries */,
				4EB68D0C8182BCE33529C421 /* AudioToolbox.framework in Link Binary With Libraries */,
				B460F624007324313696BE86 /* QuartzCore.framework in Link Binary With Libraries */,
				373727B3EDFE4D6B54908D2E /* Qt6OpenGL in Link Binary With Libraries */,
				92BDFAA0F9908851381C9D78 /* qsvgicon in Link Binary With Libraries */,
				0F9B662F03064A1477412DAC /* qgif in Link Binary With Libraries */,
				44F801E992158CBF28440A9A /* qico in Link Binary With Libraries */,
				13F251972B1764A16F1852BC /* qjpeg in Link Binary With Libraries */,
				FAA4315E754F3E14AF54C145 /* qsvg in Link Binary With Libraries */,
				A4B5D9E1E3867A5AC2ADDB56 /* Qt6Svg in Link Binary With Libraries */,
				C1A18D7A57B87012BE3E158F /* Qt6Widgets in Link Binary With Libraries */,
				C9B5C543E539717C262FD9E7 /* qrc_qstyle.cpp.o in Link Binary With Libraries */,
				B6FC579C2C28038F7D5CB42B /* qrc_qstyle1.cpp.o in Link Binary With Libraries */,
				C579725B61C295D97E21BCF2 /* qrc_qmessagebox.cpp.o in Link Binary With Libraries */,
				F565FBFD1CCB80DA53193BBB /* Qt6Gui in Link Binary With Libraries */,
				61EEC397DC8556BF8C4E36A7 /* ImageIO.framework in Link Binary With Libraries */,
				0CE02722F00CAD43741297B5 /* CoreGraphics.framework in Link Binary With Libraries */,
				C198227CA72715C6AAE48F1D /* libQt6BundledHarfbuzz_debug.a in Link Binary With Libraries */,
				2B02D9DC58A01E45248DDBCE /* CoreText.framework in Link Binary With Libraries */,
				97B4333CE65EACFA826421FB /* libQt6BundledFreetype_debug.a in Link Binary With Libraries */,
				0E945307E56BE06BA05C288A /* libQt6BundledLibpng_debug.a in Link Binary With Libraries */,
				B3FE8FAC746D3D5BB24FA398 /* Metal.framework in Link Binary With Libraries */,
				24FFB0D552F9499E5291A0A3 /* Qt6Core in Link Binary With Libraries */,
				F8B465CE34D8DF87AAE95913 /* CoreFoundation.framework in Link Binary With Libraries */,
				F26454630C80841CBDCFE1CA /* Foundation.framework in Link Binary With Libraries */,
				CCB77F686FEB5FDCB8ACBB80 /* libQt6BundledPcre2_debug.a in Link Binary With Libraries */,
			);
			name = "Link Binary With Libraries";
			runOnlyForDeploymentPostprocessing = 0;
		};
/* End PBXFrameworksBuildPhase section */

/* Begin PBXGroup section */
		12E908B8A1C3C07C115504F5 /* Sources [uic] */ = {
			isa = PBXGroup;
			children = (
				88E5A2E63A1C12487268A8B0 /* mainwindow.ui */,
			);
			name = "Sources [uic]";
			sourceTree = "<group>";
		};
		25B08E2869634E9BCBA333A2 /* Generated Sources */ = {
			isa = PBXGroup;
			children = (
				CCAB9C89AB3BB8D7958CAF45 /* npc-handler_plugin_import.cpp */,
				F241919E4AC24B2C7B3096B2 /* qrc_resources.cpp */,
				618DE653A6EC0041FFC27EBF /* qrc_qmake_qmake_qm_files.cpp */,
				D8F9138727EA8A2D6EBC7236 /* moc_mainwindow.cpp */,
				437AA4F975BAA4A55CC3BC17 /* ui_mainwindow.h */,
			);
			name = "Generated Sources";
			sourceTree = "<group>";
		};
		2EB56BE3C2D93CDAB0C52E67 /* Sources */ = {
			isa = PBXGroup;
			children = (
				652DE6F9022666D863E8CD28 /* main.cpp */,
				FDF9C9FB90759A6A7C9AFBC0 /* mainwindow.cpp */,
				654788605A7C3C3EE419EAD0 /* mainwindow.h */,
			);
			name = Sources;
			sourceTree = "<group>";
		};
		74B182DB50CB5611B5C1C297 /* Supporting Files */ = {
			isa = PBXGroup;
			children = (
				1FE3F8EE5D88CBFD7B5F4921 /* NPC-Handler.pro */,
				D59684CD95DE3D6CBBA97154 /* .qmake.stash */,
				B29622BC998E7BF6CC1C62B4 /* NPC-Handler.pro */,
			);
			name = "Supporting Files";
			sourceTree = "<group>";
		};
		858FCAB0EB1F29CF8B07677C /* Bundle Data */ = {
			isa = PBXGroup;
			children = (
				155F823D3C7EF4C9083150D0 /* LaunchScreen.storyboard */,
			);
			name = "Bundle Data";
			sourceTree = "<group>";
		};
		87DF60DE337FB58864343E39 /* Resources */ = {
			isa = PBXGroup;
			children = (
				E453F2FBA78BCC32C2508D83 /* resources.qrc */,
				E81FF446D86AAB7758547466 /* qmake_qmake_qm_files.qrc */,
			);
			name = Resources;
			sourceTree = "<group>";
		};
		8F35EA053E3F6379461B8678 /* Sources [lrelease] */ = {
			isa = PBXGroup;
			children = (
				E59AE3231B46F7BFC7BDC7CA /* NPC-Handler_en_US.ts */,
			);
			name = "Sources [lrelease]";
			sourceTree = "<group>";
		};
		AF39DD055C3EF8226FBE929D /* Frameworks */ = {
			isa = PBXGroup;
			children = (
				99FD96ADE1D251543886B712 /* qios */,
				4F7945B1ED44A1F21C5FE046 /* qrc_qpdf.cpp.o */,
				3C44131FDCFEF4396B9EA2BA /* AudioToolbox.framework */,
				7EC00404ACD5AB0E97726B0E /* QuartzCore.framework */,
				349CFC51F22360600A6F6BE1 /* Qt6OpenGL */,
				CD47F006E05A08DC575294E1 /* qsvgicon */,
				7937DAC6D19B8AED3FEF5BDF /* qgif */,
				64966A1FAA4F81D2B948460A /* qico */,
				99C054868478B8C14BEC8E1A /* qjpeg */,
				E5F72C5B55709DEE503379BE /* qsvg */,
				417168B7DA3E379A05CE832A /* Qt6Svg */,
				77CE08444953478D63AA9660 /* Qt6Widgets */,
				690928B2F9C2E71941BE1A9C /* qrc_qstyle.cpp.o */,
				C0575ED746D09F6815E6FF54 /* qrc_qstyle1.cpp.o */,
				02831F1C12CAD1637844C41B /* qrc_qmessagebox.cpp.o */,
				25FBB853B8D7BE63A380FA1B /* Qt6Gui */,
				3A8EF9C62A8D4790CBB89CEA /* ImageIO.framework */,
				6AE3EC31EE5BB1FCEE84137C /* CoreGraphics.framework */,
				8F5105E280E2EDACA1B7E6F4 /* libQt6BundledHarfbuzz_debug.a */,
				7D7B02101166B76FD2D4F8B4 /* CoreText.framework */,
				3EDD47EC85931C2734FC6D85 /* libQt6BundledFreetype_debug.a */,
				166B16E81665C453A013A702 /* libQt6BundledLibpng_debug.a */,
				1B2543FCC48E9436F21C4F63 /* Metal.framework */,
				25E326249680383001997C71 /* Qt6Core */,
				4D765E1B1EA6C757220C63E7 /* CoreFoundation.framework */,
				FCC237CA5AD60B9BA4447615 /* Foundation.framework */,
				F43459697CF2BBD68974C856 /* libQt6BundledPcre2_debug.a */,
			);
			name = Frameworks;
			sourceTree = "<group>";
		};
		E8C543AB96796ECAA2E65C57 /* NPC-Handler */ = {
			isa = PBXGroup;
			children = (
				2EB56BE3C2D93CDAB0C52E67 /* Sources */,
				25B08E2869634E9BCBA333A2 /* Generated Sources */,
				8F35EA053E3F6379461B8678 /* Sources [lrelease] */,
				87DF60DE337FB58864343E39 /* Resources */,
				12E908B8A1C3C07C115504F5 /* Sources [uic] */,
				74B182DB50CB5611B5C1C297 /* Supporting Files */,
				AF39DD055C3EF8226FBE929D /* Frameworks */,
				858FCAB0EB1F29CF8B07677C /* Bundle Data */,
				FE0A091FDBFB3E9C31B7A1BD /* Products */,
			);
			name = "NPC-Handler";
			sourceTree = "<group>";
		};
		FE0A091FDBFB3E9C31B7A1BD /* Products */ = {
			isa = PBXGroup;
			children = (
				CF59D75A94E62E8092CE5C0E /* NPC-Handler.app */,
			);
			name = Products;
			sourceTree = "<group>";
		};
/* End PBXGroup section */

/* Begin PBXNativeTarget section */
		02B9396BF12D7594EA4FF3A6 /* NPC-Handler */ = {
			isa = PBXNativeTarget;
			buildConfigurationList = 6CC3B5D2136C7CD6A5CF5A59 /* Build configuration list for PBXNativeTarget "NPC-Handler" */;
			buildPhases = (
				F7E50F631C51CD5B5DC0BC43 /* Compile Sources */,
				D1C883685E82D5676953459A /* Link Binary With Libraries */,
				30414803F31797EB689AE508 /* Copy Bundle Resources */,
				99542592E9780B9225F24AA8 /* Embed Frameworks */,
			);
			buildRules = (
			);
			dependencies = (
				BDB34B8B417F27454A4B9902 /* PBXTargetDependency */,
			);
			name = "NPC-Handler";
			productName = "NPC-Handler";
			productReference = CF59D75A94E62E8092CE5C0E /* NPC-Handler.app */;
			productType = "com.apple.product-type.application";
		};
/* End PBXNativeTarget section */

/* Begin PBXProject section */
		6DB9C3763D02B1415CD9D565 /* Project object */ = {
			isa = PBXProject;
			attributes = {
				LastUpgradeCheck = 1130;
			};
			buildConfigurationList = DAC4C1AA5EDEA1C85E9CA5E6 /* Build configuration list for PBXProject "NPC-Handler" */;
			compatibilityVersion = "Xcode 3.1";
			developmentRegion = en;
			hasScannedForEncodings = 1;
			knownRegions = (
				en,
				Base,
			);
			mainGroup = E8C543AB96796ECAA2E65C57 /* NPC-Handler */;
			productRefGroup = FE0A091FDBFB3E9C31B7A1BD /* Products */;
			projectDirPath = "";
			projectRoot = "";
			targets = (
				02B9396BF12D7594EA4FF3A6 /* NPC-Handler */,
				6DA88DCCB54EF92BE67CD9FA /* Qt Preprocess */,
			);
		};
/* End PBXProject section */

/* Begin PBXResourcesBuildPhase section */
		30414803F31797EB689AE508 /* Copy Bundle Resources */ = {
			isa = PBXResourcesBuildPhase;
			buildActionMask = 2147483647;
			files = (
				0B3407EC774D0324FC169F9C /* LaunchScreen.storyboard in Copy Bundle Resources */,
			);
			name = "Copy Bundle Resources";
			runOnlyForDeploymentPostprocessing = 0;
		};
/* End PBXResourcesBuildPhase section */

/* Begin PBXShellScriptBuildPhase section */
		5E618435888B9D49F8540165 /* Qt Qmake */ = {
			isa = PBXShellScriptBuildPhase;
			buildActionMask = 2147483647;
			files = (
			);
			name = "Qt Qmake";
			runOnlyForDeploymentPostprocessing = 0;
			shellPath = /bin/sh;
			shellScript = "make -C /Users/marcus/Documents/Dev/Repo/Genshin-Impact-BWiKi-NPC-Editor/Visual-Editor/build-NPC-Handler-Qt_6_2_4_for_iOS-Debug -f NPC-Handler.xcodeproj/qt_makeqmake.mak";
			showEnvVarsInLog = 0;
		};
		7EF0942E79C014DCEC8976BC /* Qt Preprocessors */ = {
			isa = PBXShellScriptBuildPhase;
			buildActionMask = 2147483647;
			files = (
			);
			inputPaths = (
				"../NPC-Handler/NPC-Handler_en_US.ts",
				"../NPC-Handler/resources.qrc",
				qmake_qmake_qm_files.qrc,
				"../NPC-Handler/mainwindow.h",
				"../NPC-Handler/mainwindow.ui",
			);
			name = "Qt Preprocessors";
			outputPaths = (
				".qm/NPC-Handler_en_US.qm",
				qrc_resources.cpp,
				qrc_qmake_qmake_qm_files.cpp,
				moc_mainwindow.cpp,
				ui_mainwindow.h,
			);
			runOnlyForDeploymentPostprocessing = 0;
			shellPath = /bin/sh;
			shellScript = "make -C /Users/marcus/Documents/Dev/Repo/Genshin-Impact-BWiKi-NPC-Editor/Visual-Editor/build-NPC-Handler-Qt_6_2_4_for_iOS-Debug -f NPC-Handler.xcodeproj/qt_preprocess.mak";
			showEnvVarsInLog = 0;
		};
/* End PBXShellScriptBuildPhase section */

/* Begin PBXSourcesBuildPhase section */
		F7E50F631C51CD5B5DC0BC43 /* Compile Sources */ = {
			isa = PBXSourcesBuildPhase;
			buildActionMask = 2147483647;
			files = (
				30A19EAC23C934F0DFD30233 /* main.cpp in Compile Sources */,
				A778789CD96E740A0706DB5C /* mainwindow.cpp in Compile Sources */,
				535B2443420AC625609CAC44 /* npc-handler_plugin_import.cpp in Compile Sources */,
				6811505C956ACE01FD32B111 /* qrc_resources.cpp in Compile Sources */,
				024CE9F3EDE8A9D99BAEDF3E /* qrc_qmake_qmake_qm_files.cpp in Compile Sources */,
				6C507C847DF0BF46A379BCA1 /* moc_mainwindow.cpp in Compile Sources */,
			);
			name = "Compile Sources";
			runOnlyForDeploymentPostprocessing = 0;
		};
/* End PBXSourcesBuildPhase section */

/* Begin PBXTargetDependency section */
		BDB34B8B417F27454A4B9902 /* PBXTargetDependency */ = {
			isa = PBXTargetDependency;
			target = 6DA88DCCB54EF92BE67CD9FA /* Qt Preprocess */;
			targetProxy = 2C9F3AF128867FBA00D710BB /* PBXContainerItemProxy */;
		};
/* End PBXTargetDependency section */

/* Begin XCBuildConfiguration section */
		339EE1B2CC4FC24589A0EA95 /* Release */ = {
			isa = XCBuildConfiguration;
			buildSettings = {
				APPLICATION_EXTENSION_API_ONLY = NO;
				"ARCHS[sdk=iphoneos*]" = arm64;
				"ARCHS[sdk=iphonesimulator*]" = x86_64;
				CC = /Applications/Xcode.app/Contents/Developer/Toolchains/XcodeDefault.xctoolchain/usr/bin/clang;
				CLANG_WARN_BLOCK_CAPTURE_AUTORELEASING = YES;
				CLANG_WARN_BOOL_CONVERSION = YES;
				CLANG_WARN_COMMA = YES;
				CLANG_WARN_CONSTANT_CONVERSION = YES;
				CLANG_WARN_DEPRECATED_OBJC_IMPLEMENTATIONS = YES;
				CLANG_WARN_EMPTY_BODY = YES;
				CLANG_WARN_ENUM_CONVERSION = YES;
				CLANG_WARN_INFINITE_RECURSION = YES;
				CLANG_WARN_INT_CONVERSION = YES;
				CLANG_WARN_NON_LITERAL_NULL_CONVERSION = YES;
				CLANG_WARN_OBJC_IMPLICIT_RETAIN_SELF = YES;
				CLANG_WARN_OBJC_LITERAL_CONVERSION = YES;
				CLANG_WARN_RANGE_LOOP_ANALYSIS = YES;
				CLANG_WARN_STRICT_PROTOTYPES = YES;
				CLANG_WARN_SUSPICIOUS_MOVE = YES;
				CLANG_WARN_UNREACHABLE_CODE = YES;
				CLANG_WARN__DUPLICATE_METHOD_MATCH = YES;
				CODE_SIGN_IDENTITY = "iPhone Developer";
				COPY_PHASE_STRIP = NO;
				DEVELOPMENT_TEAM = 854X7K7DLQ;
				DYLIB_COMPATIBILITY_VERSION = 1.0;
				DYLIB_CURRENT_VERSION = 1.0.0;
				ENABLE_BITCODE = YES;
				ENABLE_STRICT_OBJC_MSGSEND = YES;
				FRAMEWORK_SEARCH_PATHS = "";
				GCC_NO_COMMON_BLOCKS = YES;
				GCC_VERSION = com.apple.compilers.llvm.clang.1_0;
				GCC_WARN_64_TO_32_BIT_CONVERSION = YES;
				GCC_WARN_ABOUT_RETURN_TYPE = YES;
				GCC_WARN_UNDECLARED_SELECTOR = YES;
				GCC_WARN_UNINITIALIZED_AUTOS = YES;
				GCC_WARN_UNUSED_FUNCTION = YES;
				GCC_WARN_UNUSED_VARIABLE = YES;
				HEADER_SEARCH_PATHS = (
					"../NPC-Handler",
					.,
					/Applications/Qt/6.2.4/ios/mkspecs/common/uikit,
					/Applications/Qt/6.2.4/ios/include,
					/Applications/Qt/6.2.4/ios/include/QtWidgets,
					/Applications/Qt/6.2.4/ios/include/QtGui,
					/Applications/Qt/6.2.4/ios/include/QtCore,
					.,
					.,
					"/Applications/Qt/6.2.4/ios/mkspecs/macx-ios-clang",
				);
				INFOPLIST_FILE = Info.plist;
				IPHONEOS_DEPLOYMENT_TARGET = 13.2;
				LDPLUSPLUS = "/Applications/Xcode.app/Contents/Developer/Toolchains/XcodeDefault.xctoolchain/usr/bin/clang++";
				LIBRARY_SEARCH_PATHS = (
					/Applications/Qt/6.2.4/ios/plugins/platforms,
					"/Applications/Qt/6.2.4/ios/lib/objects-Debug/Gui_resources_1/.rcc",
					/System/Library/Frameworks/,
					/Applications/Qt/6.2.4/ios/lib,
					/Applications/Qt/6.2.4/ios/plugins/iconengines,
					/Applications/Qt/6.2.4/ios/plugins/imageformats,
					"/Applications/Qt/6.2.4/ios/lib/objects-Debug/Widgets_resources_1/.rcc",
					"/Applications/Qt/6.2.4/ios/lib/objects-Debug/Widgets_resources_2/.rcc",
					"/Applications/Qt/6.2.4/ios/lib/objects-Debug/Widgets_resources_3/.rcc",
				);
				MACOSX_DEPLOYMENT_TARGET = 10.14;
				OTHER_CFLAGS = (
					"-pipe",
					"-g",
					"-fobjc-nonfragile-abi",
					"-fobjc-legacy-dispatch",
					"-Wall",
					"-Wextra",
					"-fPIC",
					"-DQT_COMPILER_SUPPORTS_SSE2",
					"-DQT_QML_DEBUG",
					"-DQT_WIDGETS_LIB",
					"-DQT_GUI_LIB",
					"-DQT_CORE_LIB",
				);
				OTHER_CPLUSPLUSFLAGS = (
					"-pipe",
					"-stdlib=libc++",
					"-g",
					"-std=gnu++1z",
					"-fobjc-nonfragile-abi",
					"-fobjc-legacy-dispatch",
					"-Wall",
					"-Wextra",
					"-fPIC",
					"-DQT_COMPILER_SUPPORTS_SSE2",
					"-DQT_QML_DEBUG",
					"-DQT_WIDGETS_LIB",
					"-DQT_GUI_LIB",
					"-DQT_CORE_LIB",
				);
				OTHER_LDFLAGS = (
					"-stdlib=libc++",
					"-Wl,-rpath,@executable_path/Frameworks",
					"-framework",
					AssetsLibrary,
					"-lz",
					"-lm",
					"-framework",
					MobileCoreServices,
					"-framework",
					UIKit,
					"-framework",
					OpenGLES,
					"-Wl,-e,_qt_main_wrapper",
				);
				PRODUCT_BUNDLE_IDENTIFIER = "marcus.${PRODUCT_NAME:rfc1034identifier}";
				PRODUCT_NAME = "NPC-Handler";
				QMAKE_FULL_VERSION = 1.0.0;
				"QMAKE_MAC_SDK_PATH[sdk=iphoneos*]" = /Applications/Xcode.app/Contents/Developer/Platforms/iPhoneOS.platform/Developer/SDKs/iPhoneOS13.2.sdk;
				"QMAKE_MAC_SDK_PATH[sdk=iphonesimulator*]" = /Applications/Xcode.app/Contents/Developer/Platforms/iPhoneSimulator.platform/Developer/SDKs/iPhoneSimulator13.2.sdk;
				"QMAKE_MAC_SDK_PLATFORM_PATH[sdk=iphoneos*]" = /Applications/Xcode.app/Contents/Developer/Platforms/iPhoneOS.platform;
				"QMAKE_MAC_SDK_PLATFORM_PATH[sdk=iphonesimulator*]" = /Applications/Xcode.app/Contents/Developer/Platforms/iPhoneSimulator.platform;
				QMAKE_PKGINFO_TYPEINFO = "????";
				QMAKE_SHORT_VERSION = 1.0;
				QT_LIBRARY_SUFFIX = "";
				SDKROOT = iphoneos;
				SYMROOT = "$(PROJECT_DIR)";
				TARGETED_DEVICE_FAMILY = "1,2";
			};
			name = Release;
		};
		3AA6C32AC930069E80220CF1 /* Debug */ = {
			isa = XCBuildConfiguration;
			buildSettings = {
				APPLICATION_EXTENSION_API_ONLY = NO;
				"ARCHS[sdk=iphoneos*]" = arm64;
				"ARCHS[sdk=iphonesimulator*]" = x86_64;
				CC = /Applications/Xcode.app/Contents/Developer/Toolchains/XcodeDefault.xctoolchain/usr/bin/clang;
				CLANG_WARN_BLOCK_CAPTURE_AUTORELEASING = YES;
				CLANG_WARN_BOOL_CONVERSION = YES;
				CLANG_WARN_COMMA = YES;
				CLANG_WARN_CONSTANT_CONVERSION = YES;
				CLANG_WARN_DEPRECATED_OBJC_IMPLEMENTATIONS = YES;
				CLANG_WARN_EMPTY_BODY = YES;
				CLANG_WARN_ENUM_CONVERSION = YES;
				CLANG_WARN_INFINITE_RECURSION = YES;
				CLANG_WARN_INT_CONVERSION = YES;
				CLANG_WARN_NON_LITERAL_NULL_CONVERSION = YES;
				CLANG_WARN_OBJC_IMPLICIT_RETAIN_SELF = YES;
				CLANG_WARN_OBJC_LITERAL_CONVERSION = YES;
				CLANG_WARN_RANGE_LOOP_ANALYSIS = YES;
				CLANG_WARN_STRICT_PROTOTYPES = YES;
				CLANG_WARN_SUSPICIOUS_MOVE = YES;
				CLANG_WARN_UNREACHABLE_CODE = YES;
				CLANG_WARN__DUPLICATE_METHOD_MATCH = YES;
				CODE_SIGN_IDENTITY = "iPhone Developer";
				COPY_PHASE_STRIP = NO;
				DEBUG_INFORMATION_FORMAT = dwarf;
				DEVELOPMENT_TEAM = 854X7K7DLQ;
				DYLIB_COMPATIBILITY_VERSION = 1.0;
				DYLIB_CURRENT_VERSION = 1.0.0;
				ENABLE_BITCODE = YES;
				ENABLE_STRICT_OBJC_MSGSEND = YES;
				ENABLE_TESTABILITY = YES;
				FRAMEWORK_SEARCH_PATHS = "";
				GCC_NO_COMMON_BLOCKS = YES;
				GCC_OPTIMIZATION_LEVEL = 0;
				GCC_VERSION = com.apple.compilers.llvm.clang.1_0;
				GCC_WARN_64_TO_32_BIT_CONVERSION = YES;
				GCC_WARN_ABOUT_RETURN_TYPE = YES;
				GCC_WARN_UNDECLARED_SELECTOR = YES;
				GCC_WARN_UNINITIALIZED_AUTOS = YES;
				GCC_WARN_UNUSED_FUNCTION = YES;
				GCC_WARN_UNUSED_VARIABLE = YES;
				HEADER_SEARCH_PATHS = (
					"../NPC-Handler",
					.,
					/Applications/Qt/6.2.4/ios/mkspecs/common/uikit,
					/Applications/Qt/6.2.4/ios/include,
					/Applications/Qt/6.2.4/ios/include/QtWidgets,
					/Applications/Qt/6.2.4/ios/include/QtGui,
					/Applications/Qt/6.2.4/ios/include/QtCore,
					.,
					.,
					"/Applications/Qt/6.2.4/ios/mkspecs/macx-ios-clang",
				);
				INFOPLIST_FILE = Info.plist;
				IPHONEOS_DEPLOYMENT_TARGET = 13.2;
				LDPLUSPLUS = "/Applications/Xcode.app/Contents/Developer/Toolchains/XcodeDefault.xctoolchain/usr/bin/clang++";
				LIBRARY_SEARCH_PATHS = (
					/Applications/Qt/6.2.4/ios/plugins/platforms,
					"/Applications/Qt/6.2.4/ios/lib/objects-Debug/Gui_resources_1/.rcc",
					/System/Library/Frameworks/,
					/Applications/Qt/6.2.4/ios/lib,
					/Applications/Qt/6.2.4/ios/plugins/iconengines,
					/Applications/Qt/6.2.4/ios/plugins/imageformats,
					"/Applications/Qt/6.2.4/ios/lib/objects-Debug/Widgets_resources_1/.rcc",
					"/Applications/Qt/6.2.4/ios/lib/objects-Debug/Widgets_resources_2/.rcc",
					"/Applications/Qt/6.2.4/ios/lib/objects-Debug/Widgets_resources_3/.rcc",
				);
				MACOSX_DEPLOYMENT_TARGET = 10.14;
				ONLY_ACTIVE_ARCH = YES;
				OTHER_CFLAGS = (
					"-pipe",
					"-g",
					"-fobjc-nonfragile-abi",
					"-fobjc-legacy-dispatch",
					"-Wall",
					"-Wextra",
					"-fPIC",
					"-DQT_COMPILER_SUPPORTS_SSE2",
					"-DQT_QML_DEBUG",
					"-DQT_WIDGETS_LIB",
					"-DQT_GUI_LIB",
					"-DQT_CORE_LIB",
				);
				OTHER_CPLUSPLUSFLAGS = (
					"-pipe",
					"-stdlib=libc++",
					"-g",
					"-std=gnu++1z",
					"-fobjc-nonfragile-abi",
					"-fobjc-legacy-dispatch",
					"-Wall",
					"-Wextra",
					"-fPIC",
					"-DQT_COMPILER_SUPPORTS_SSE2",
					"-DQT_QML_DEBUG",
					"-DQT_WIDGETS_LIB",
					"-DQT_GUI_LIB",
					"-DQT_CORE_LIB",
				);
				OTHER_LDFLAGS = (
					"-stdlib=libc++",
					"-Wl,-rpath,@executable_path/Frameworks",
					"-framework",
					AssetsLibrary,
					"-lz",
					"-lm",
					"-framework",
					MobileCoreServices,
					"-framework",
					UIKit,
					"-framework",
					OpenGLES,
					"-Wl,-e,_qt_main_wrapper",
				);
				PRODUCT_BUNDLE_IDENTIFIER = "marcus.${PRODUCT_NAME:rfc1034identifier}";
				PRODUCT_NAME = "NPC-Handler";
				QMAKE_FULL_VERSION = 1.0.0;
				"QMAKE_MAC_SDK_PATH[sdk=iphoneos*]" = /Applications/Xcode.app/Contents/Developer/Platforms/iPhoneOS.platform/Developer/SDKs/iPhoneOS13.2.sdk;
				"QMAKE_MAC_SDK_PATH[sdk=iphonesimulator*]" = /Applications/Xcode.app/Contents/Developer/Platforms/iPhoneSimulator.platform/Developer/SDKs/iPhoneSimulator13.2.sdk;
				"QMAKE_MAC_SDK_PLATFORM_PATH[sdk=iphoneos*]" = /Applications/Xcode.app/Contents/Developer/Platforms/iPhoneOS.platform;
				"QMAKE_MAC_SDK_PLATFORM_PATH[sdk=iphonesimulator*]" = /Applications/Xcode.app/Contents/Developer/Platforms/iPhoneSimulator.platform;
				QMAKE_PKGINFO_TYPEINFO = "????";
				QMAKE_SHORT_VERSION = 1.0;
				QT_LIBRARY_SUFFIX = _debug;
				SDKROOT = iphoneos;
				SYMROOT = "$(PROJECT_DIR)";
				TARGETED_DEVICE_FAMILY = "1,2";
			};
			name = Debug;
		};
		6666AA5E688052234F6758D8 /* Release */ = {
			isa = XCBuildConfiguration;
			buildSettings = {
				APPLICATION_EXTENSION_API_ONLY = NO;
				"ARCHS[sdk=iphoneos*]" = arm64;
				"ARCHS[sdk=iphonesimulator*]" = x86_64;
				CLANG_ENABLE_OBJC_WEAK = YES;
				CODE_SIGN_IDENTITY = "Apple Development";
				CODE_SIGN_STYLE = Automatic;
				COPY_PHASE_STRIP = NO;
				DEVELOPMENT_TEAM = 39L3AU87A3;
				ENABLE_BITCODE = YES;
				IPHONEOS_DEPLOYMENT_TARGET = 13.2;
				PRODUCT_BUNDLE_IDENTIFIER = "marcus.gbwiki.npc-handler";
				PRODUCT_NAME = "NPC-Handler";
				PROVISIONING_PROFILE_SPECIFIER = "";
				QMAKE_FULL_VERSION = 1.0.0;
				"QMAKE_MAC_SDK_PATH[sdk=iphoneos*]" = /Applications/Xcode.app/Contents/Developer/Platforms/iPhoneOS.platform/Developer/SDKs/iPhoneOS13.2.sdk;
				"QMAKE_MAC_SDK_PATH[sdk=iphonesimulator*]" = /Applications/Xcode.app/Contents/Developer/Platforms/iPhoneSimulator.platform/Developer/SDKs/iPhoneSimulator13.2.sdk;
				"QMAKE_MAC_SDK_PLATFORM_PATH[sdk=iphoneos*]" = /Applications/Xcode.app/Contents/Developer/Platforms/iPhoneOS.platform;
				"QMAKE_MAC_SDK_PLATFORM_PATH[sdk=iphonesimulator*]" = /Applications/Xcode.app/Contents/Developer/Platforms/iPhoneSimulator.platform;
				QMAKE_PKGINFO_TYPEINFO = "????";
				QMAKE_SHORT_VERSION = 1.0;
				QT_LIBRARY_SUFFIX = "";
				SDKROOT = iphoneos;
				TARGETED_DEVICE_FAMILY = "1,2";
			};
			name = Release;
		};
		77418F46922677BB04ED38DD /* Debug */ = {
			isa = XCBuildConfiguration;
			buildSettings = {
				APPLICATION_EXTENSION_API_ONLY = NO;
				"ARCHS[sdk=iphoneos*]" = arm64;
				"ARCHS[sdk=iphonesimulator*]" = x86_64;
				CLANG_ENABLE_OBJC_WEAK = YES;
				CODE_SIGN_IDENTITY = "Apple Development";
				CODE_SIGN_STYLE = Automatic;
				COPY_PHASE_STRIP = NO;
				DEBUG_INFORMATION_FORMAT = dwarf;
				DEVELOPMENT_TEAM = 39L3AU87A3;
				ENABLE_BITCODE = YES;
				GCC_OPTIMIZATION_LEVEL = 0;
				IPHONEOS_DEPLOYMENT_TARGET = 13.2;
				ONLY_ACTIVE_ARCH = YES;
				PRODUCT_BUNDLE_IDENTIFIER = "marcus.gbwiki.npc-handler";
				PRODUCT_NAME = "NPC-Handler";
				PROVISIONING_PROFILE_SPECIFIER = "";
				QMAKE_FULL_VERSION = 1.0.0;
				"QMAKE_MAC_SDK_PATH[sdk=iphoneos*]" = /Applications/Xcode.app/Contents/Developer/Platforms/iPhoneOS.platform/Developer/SDKs/iPhoneOS13.2.sdk;
				"QMAKE_MAC_SDK_PATH[sdk=iphonesimulator*]" = /Applications/Xcode.app/Contents/Developer/Platforms/iPhoneSimulator.platform/Developer/SDKs/iPhoneSimulator13.2.sdk;
				"QMAKE_MAC_SDK_PLATFORM_PATH[sdk=iphoneos*]" = /Applications/Xcode.app/Contents/Developer/Platforms/iPhoneOS.platform;
				"QMAKE_MAC_SDK_PLATFORM_PATH[sdk=iphonesimulator*]" = /Applications/Xcode.app/Contents/Developer/Platforms/iPhoneSimulator.platform;
				QMAKE_PKGINFO_TYPEINFO = "????";
				QMAKE_SHORT_VERSION = 1.0;
				QT_LIBRARY_SUFFIX = _debug;
				SDKROOT = iphoneos;
				TARGETED_DEVICE_FAMILY = "1,2";
			};
			name = Debug;
		};
/* End XCBuildConfiguration section */

/* Begin XCConfigurationList section */
		6CC3B5D2136C7CD6A5CF5A59 /* Build configuration list for PBXNativeTarget "NPC-Handler" */ = {
			isa = XCConfigurationList;
			buildConfigurations = (
				77418F46922677BB04ED38DD /* Debug */,
				6666AA5E688052234F6758D8 /* Release */,
			);
			defaultConfigurationIsVisible = 0;
			defaultConfigurationName = Debug;
		};
		DAC4C1AA5EDEA1C85E9CA5E6 /* Build configuration list for PBXProject "NPC-Handler" */ = {
			isa = XCConfigurationList;
			buildConfigurations = (
				3AA6C32AC930069E80220CF1 /* Debug */,
				339EE1B2CC4FC24589A0EA95 /* Release */,
			);
			defaultConfigurationIsVisible = 0;
			defaultConfigurationName = Debug;
		};
/* End XCConfigurationList section */
	};
	rootObject = 6DB9C3763D02B1415CD9D565 /* Project object */;
}
