// !$*UTF8*$!
{
	archiveVersion = 1;
	classes = {
	};
	objectVersion = 46;
	objects = {
		5E618435888B9D49F8540165 = {
			buildActionMask = 2147483647;
			files = (
				);
			isa = PBXShellScriptBuildPhase;
			runOnlyForDeploymentPostprocessing = 0;
			name = "Qt Qmake";
			shellPath = "/bin/sh";
			shellScript = "make -C '/Users/marcus/Documents/Dev/Repo/Genshin-Impact-BWiKi-NPC-Editor/Visual Editor/build-NPC-Handler-Qt_6_2_4_for_iOS_Simulator-Debug' -f NPC-Handler.xcodeproj/qt_makeqmake.mak";
			showEnvVarsInLog = "0";
		};
		652DE6F9022666D863E8CD28 = {
			isa = PBXFileReference;
			path = "/Users/marcus/Documents/Dev/Repo/Genshin-Impact-BWiKi-NPC-Editor/Visual-Editor/NPC-Handler/main.cpp";
			name = "main.cpp";
			sourceTree = "<absolute>";
			lastKnownFileType = "sourcecode.cpp.cpp";
		};
		30A19EAC23C934F0DFD30233 = {
			fileRef = "652DE6F9022666D863E8CD28";
			isa = PBXBuildFile;
			settings = {
				ATTRIBUTES = (
					);
			};
		};
		FDF9C9FB90759A6A7C9AFBC0 = {
			isa = PBXFileReference;
			path = "/Users/marcus/Documents/Dev/Repo/Genshin-Impact-BWiKi-NPC-Editor/Visual-Editor/NPC-Handler/mainwindow.cpp";
			name = "mainwindow.cpp";
			sourceTree = "<absolute>";
			lastKnownFileType = "sourcecode.cpp.cpp";
		};
		A778789CD96E740A0706DB5C = {
			fileRef = "FDF9C9FB90759A6A7C9AFBC0";
			isa = PBXBuildFile;
			settings = {
				ATTRIBUTES = (
					);
			};
		};
		2ACDD441D390DAE53E3ADDF1 = {
			isa = PBXFileReference;
			path = "/Users/marcus/Documents/Dev/Repo/Genshin-Impact-BWiKi-NPC-Editor/Visual Editor/build-NPC-Handler-Qt_6_2_4_for_iOS_Simulator-Debug/npc-handler_plugin_import.cpp";
			name = "npc-handler_plugin_import.cpp";
			sourceTree = "<absolute>";
			lastKnownFileType = "sourcecode.cpp.cpp";
		};
		1F332B7C51E0DD2337621FEF = {
			fileRef = "2ACDD441D390DAE53E3ADDF1";
			isa = PBXBuildFile;
			settings = {
				ATTRIBUTES = (
					);
			};
		};
		5F1A2AEA99B706F557D63CDB = {
			isa = PBXFileReference;
			path = "/Users/marcus/Documents/Dev/Repo/Genshin-Impact-BWiKi-NPC-Editor/Visual Editor/build-NPC-Handler-Qt_6_2_4_for_iOS_Simulator-Debug/qrc_resources.cpp";
			name = "qrc_resources.cpp";
			sourceTree = "<absolute>";
			lastKnownFileType = "sourcecode.cpp.cpp";
		};
		CD7B3494C26439F16564C157 = {
			fileRef = "5F1A2AEA99B706F557D63CDB";
			isa = PBXBuildFile;
			settings = {
				ATTRIBUTES = (
					);
			};
		};
		77EF690314B1DF896232F94B = {
			isa = PBXFileReference;
			path = "/Users/marcus/Documents/Dev/Repo/Genshin-Impact-BWiKi-NPC-Editor/Visual Editor/build-NPC-Handler-Qt_6_2_4_for_iOS_Simulator-Debug/qrc_qmake_qmake_qm_files.cpp";
			name = "qrc_qmake_qmake_qm_files.cpp";
			sourceTree = "<absolute>";
			lastKnownFileType = "sourcecode.cpp.cpp";
		};
		A6FBADBFC5A99236381EAF5B = {
			fileRef = "77EF690314B1DF896232F94B";
			isa = PBXBuildFile;
			settings = {
				ATTRIBUTES = (
					);
			};
		};
		AE36061C09491D945BB99F27 = {
			isa = PBXFileReference;
			path = "/Users/marcus/Documents/Dev/Repo/Genshin-Impact-BWiKi-NPC-Editor/Visual Editor/build-NPC-Handler-Qt_6_2_4_for_iOS_Simulator-Debug/moc_mainwindow.cpp";
			name = "moc_mainwindow.cpp";
			sourceTree = "<absolute>";
			lastKnownFileType = "sourcecode.cpp.cpp";
		};
		7548BC3B329E8EC4C2C1AEA0 = {
			fileRef = "AE36061C09491D945BB99F27";
			isa = PBXBuildFile;
			settings = {
				ATTRIBUTES = (
					);
			};
		};
		69DEF37A4816AD35FEF9D3F1 = {
			isa = PBXFileReference;
			path = "/Users/marcus/Documents/Dev/Repo/Genshin-Impact-BWiKi-NPC-Editor/Visual Editor/build-NPC-Handler-Qt_6_2_4_for_iOS_Simulator-Debug/ui_mainwindow.h";
			name = "ui_mainwindow.h";
			sourceTree = "<absolute>";
			lastKnownFileType = "sourcecode.c.h";
		};
		654788605A7C3C3EE419EAD0 = {
			isa = PBXFileReference;
			path = "/Users/marcus/Documents/Dev/Repo/Genshin-Impact-BWiKi-NPC-Editor/Visual-Editor/NPC-Handler/mainwindow.h";
			name = "mainwindow.h";
			sourceTree = "<absolute>";
			lastKnownFileType = "sourcecode.c.h";
		};
		E59AE3231B46F7BFC7BDC7CA = {
			isa = PBXFileReference;
			path = "/Users/marcus/Documents/Dev/Repo/Genshin-Impact-BWiKi-NPC-Editor/Visual-Editor/NPC-Handler/NPC-Handler_en_US.ts";
			name = "NPC-Handler_en_US.ts";
			sourceTree = "<absolute>";
		};
		AFB49C429DDF3A99E903E741 = {
			fileRef = "E59AE3231B46F7BFC7BDC7CA";
			isa = PBXBuildFile;
			settings = {
				ATTRIBUTES = (
					);
			};
		};
		E453F2FBA78BCC32C2508D83 = {
			isa = PBXFileReference;
			path = "/Users/marcus/Documents/Dev/Repo/Genshin-Impact-BWiKi-NPC-Editor/Visual-Editor/NPC-Handler/resources.qrc";
			name = "resources.qrc";
			sourceTree = "<absolute>";
			lastKnownFileType = "text";
		};
		24E21A54C299AC4077EAD6D2 = {
			fileRef = "E453F2FBA78BCC32C2508D83";
			isa = PBXBuildFile;
			settings = {
				ATTRIBUTES = (
					);
			};
		};
		FC3EAE6A9DC82A64EC7DA23D = {
			isa = PBXFileReference;
			path = "/Users/marcus/Documents/Dev/Repo/Genshin-Impact-BWiKi-NPC-Editor/Visual Editor/build-NPC-Handler-Qt_6_2_4_for_iOS_Simulator-Debug/qmake_qmake_qm_files.qrc";
			name = "qmake_qmake_qm_files.qrc";
			sourceTree = "<absolute>";
			lastKnownFileType = "text";
		};
		19A814DCB47B27451CE110D9 = {
			fileRef = "FC3EAE6A9DC82A64EC7DA23D";
			isa = PBXBuildFile;
			settings = {
				ATTRIBUTES = (
					);
			};
		};
		88E5A2E63A1C12487268A8B0 = {
			isa = PBXFileReference;
			path = "/Users/marcus/Documents/Dev/Repo/Genshin-Impact-BWiKi-NPC-Editor/Visual-Editor/NPC-Handler/mainwindow.ui";
			name = "mainwindow.ui";
			sourceTree = "<absolute>";
		};
		6A6A9AC5E9FFCC7FC628C101 = {
			fileRef = "88E5A2E63A1C12487268A8B0";
			isa = PBXBuildFile;
			settings = {
				ATTRIBUTES = (
					);
			};
		};
		9CB75E40ADDFEE9DCB69E512 = {
			isa = PBXFileReference;
			path = "/Users/marcus/Documents/Dev/Repo/Genshin-Impact-BWiKi-NPC-Editor/Visual Editor/build-NPC-Handler-Qt_6_2_4_for_iOS_Simulator-Debug/NPC-Handler.pro";
			name = "NPC-Handler.pro";
			sourceTree = "<absolute>";
			lastKnownFileType = "text";
		};
		DCC60A2AC563953A9C751BDB = {
			isa = PBXFileReference;
			path = "/Users/marcus/Documents/Dev/Repo/Genshin-Impact-BWiKi-NPC-Editor/Visual Editor/build-NPC-Handler-Qt_6_2_4_for_iOS_Simulator-Debug/.qmake.stash";
			name = ".qmake.stash";
			sourceTree = "<absolute>";
		};
		B29622BC998E7BF6CC1C62B4 = {
			isa = PBXFileReference;
			path = "/Users/marcus/Documents/Dev/Repo/Genshin-Impact-BWiKi-NPC-Editor/Visual-Editor/NPC-Handler/NPC-Handler.pro";
			name = "NPC-Handler.pro";
			sourceTree = "<absolute>";
			lastKnownFileType = "text";
		};
		25B08E2869634E9BCBA333A2 = {
			isa = PBXGroup;
			children = (
				"2ACDD441D390DAE53E3ADDF1",
				"5F1A2AEA99B706F557D63CDB",
				"77EF690314B1DF896232F94B",
				"AE36061C09491D945BB99F27",
				"69DEF37A4816AD35FEF9D3F1");
			name = "Generated Sources";
			sourceTree = "<group>";
		};
		87DF60DE337FB58864343E39 = {
			isa = PBXGroup;
			children = (
				"E453F2FBA78BCC32C2508D83",
				"FC3EAE6A9DC82A64EC7DA23D");
			name = "Resources";
			sourceTree = "<group>";
		};
		2EB56BE3C2D93CDAB0C52E67 = {
			isa = PBXGroup;
			children = (
				"652DE6F9022666D863E8CD28",
				"FDF9C9FB90759A6A7C9AFBC0",
				"654788605A7C3C3EE419EAD0");
			name = "Sources";
			sourceTree = "<group>";
		};
		8F35EA053E3F6379461B8678 = {
			isa = PBXGroup;
			children = (
				"E59AE3231B46F7BFC7BDC7CA");
			name = "Sources [lrelease]";
			sourceTree = "<group>";
		};
		12E908B8A1C3C07C115504F5 = {
			isa = PBXGroup;
			children = (
				"88E5A2E63A1C12487268A8B0");
			name = "Sources [uic]";
			sourceTree = "<group>";
		};
		74B182DB50CB5611B5C1C297 = {
			isa = PBXGroup;
			children = (
				"9CB75E40ADDFEE9DCB69E512",
				"DCC60A2AC563953A9C751BDB",
				"B29622BC998E7BF6CC1C62B4");
			name = "Supporting Files";
			sourceTree = "<group>";
		};
		7EF0942E79C014DCEC8976BC = {
			buildActionMask = 2147483647;
			files = (
				);
			isa = PBXShellScriptBuildPhase;
			runOnlyForDeploymentPostprocessing = 0;
			name = "Qt Preprocessors";
			inputPaths = (
				"../../Visual-Editor/NPC-Handler/NPC-Handler_en_US.ts",
				"../../Visual-Editor/NPC-Handler/resources.qrc",
				"qmake_qmake_qm_files.qrc",
				"../../Visual-Editor/NPC-Handler/mainwindow.h",
				"../../Visual-Editor/NPC-Handler/mainwindow.ui");
			outputPaths = (
				".qm/NPC-Handler_en_US.qm",
				"qrc_resources.cpp",
				"qrc_qmake_qmake_qm_files.cpp",
				"moc_mainwindow.cpp",
				"ui_mainwindow.h");
			shellPath = "/bin/sh";
			shellScript = "make -C '/Users/marcus/Documents/Dev/Repo/Genshin-Impact-BWiKi-NPC-Editor/Visual Editor/build-NPC-Handler-Qt_6_2_4_for_iOS_Simulator-Debug' -f NPC-Handler.xcodeproj/qt_preprocess.mak";
			showEnvVarsInLog = "0";
			alwaysOutOfDate = "1";
		};
		F7E50F631C51CD5B5DC0BC43 = {
			buildActionMask = 2147483647;
			files = (
				"30A19EAC23C934F0DFD30233",
				"A778789CD96E740A0706DB5C",
				"1F332B7C51E0DD2337621FEF",
				"CD7B3494C26439F16564C157",
				"A6FBADBFC5A99236381EAF5B",
				"7548BC3B329E8EC4C2C1AEA0");
			isa = PBXSourcesBuildPhase;
			runOnlyForDeploymentPostprocessing = 0;
			name = "Compile Sources";
		};
		99FD96ADE1D251543886B712 = {
			isa = PBXFileReference;
			name = "qios";
			path = "/Applications/Qt/6.2.4/ios/plugins/platforms/libqios$(QT_LIBRARY_SUFFIX).a";
			refType = 0;
			sourceTree = "<absolute>";
		};
		17509B12BF6E917C1B4DAF73 = {
			fileRef = "99FD96ADE1D251543886B712";
			isa = PBXBuildFile;
			settings = {
			};
		};
		4F7945B1ED44A1F21C5FE046 = {
			isa = PBXFileReference;
			name = "qrc_qpdf.cpp.o";
			path = "/Applications/Qt/6.2.4/ios/lib/objects-Debug/Gui_resources_1/.rcc/qrc_qpdf.cpp.o";
			refType = 0;
			sourceTree = "<absolute>";
		};
		AEE91BF79204CFBAB058851C = {
			fileRef = "4F7945B1ED44A1F21C5FE046";
			isa = PBXBuildFile;
			settings = {
			};
		};
		3C44131FDCFEF4396B9EA2BA = {
			isa = PBXFileReference;
			name = "AudioToolbox.framework";
			path = "/System/Library/Frameworks/AudioToolbox.framework";
			refType = 0;
			sourceTree = "<absolute>";
			lastKnownFileType = "wrapper.framework";
		};
		4EB68D0C8182BCE33529C421 = {
			fileRef = "3C44131FDCFEF4396B9EA2BA";
			isa = PBXBuildFile;
			settings = {
			};
		};
		7EC00404ACD5AB0E97726B0E = {
			isa = PBXFileReference;
			name = "QuartzCore.framework";
			path = "/System/Library/Frameworks/QuartzCore.framework";
			refType = 0;
			sourceTree = "<absolute>";
			lastKnownFileType = "wrapper.framework";
		};
		B460F624007324313696BE86 = {
			fileRef = "7EC00404ACD5AB0E97726B0E";
			isa = PBXBuildFile;
			settings = {
			};
		};
		349CFC51F22360600A6F6BE1 = {
			isa = PBXFileReference;
			name = "Qt6OpenGL";
			path = "/Applications/Qt/6.2.4/ios/lib/libQt6OpenGL$(QT_LIBRARY_SUFFIX).a";
			refType = 0;
			sourceTree = "<absolute>";
		};
		373727B3EDFE4D6B54908D2E = {
			fileRef = "349CFC51F22360600A6F6BE1";
			isa = PBXBuildFile;
			settings = {
			};
		};
		CD47F006E05A08DC575294E1 = {
			isa = PBXFileReference;
			name = "qsvgicon";
			path = "/Applications/Qt/6.2.4/ios/plugins/iconengines/libqsvgicon$(QT_LIBRARY_SUFFIX).a";
			refType = 0;
			sourceTree = "<absolute>";
		};
		92BDFAA0F9908851381C9D78 = {
			fileRef = "CD47F006E05A08DC575294E1";
			isa = PBXBuildFile;
			settings = {
			};
		};
		7937DAC6D19B8AED3FEF5BDF = {
			isa = PBXFileReference;
			name = "qgif";
			path = "/Applications/Qt/6.2.4/ios/plugins/imageformats/libqgif$(QT_LIBRARY_SUFFIX).a";
			refType = 0;
			sourceTree = "<absolute>";
		};
		0F9B662F03064A1477412DAC = {
			fileRef = "7937DAC6D19B8AED3FEF5BDF";
			isa = PBXBuildFile;
			settings = {
			};
		};
		64966A1FAA4F81D2B948460A = {
			isa = PBXFileReference;
			name = "qico";
			path = "/Applications/Qt/6.2.4/ios/plugins/imageformats/libqico$(QT_LIBRARY_SUFFIX).a";
			refType = 0;
			sourceTree = "<absolute>";
		};
		44F801E992158CBF28440A9A = {
			fileRef = "64966A1FAA4F81D2B948460A";
			isa = PBXBuildFile;
			settings = {
			};
		};
		99C054868478B8C14BEC8E1A = {
			isa = PBXFileReference;
			name = "qjpeg";
			path = "/Applications/Qt/6.2.4/ios/plugins/imageformats/libqjpeg$(QT_LIBRARY_SUFFIX).a";
			refType = 0;
			sourceTree = "<absolute>";
		};
		13F251972B1764A16F1852BC = {
			fileRef = "99C054868478B8C14BEC8E1A";
			isa = PBXBuildFile;
			settings = {
			};
		};
		E5F72C5B55709DEE503379BE = {
			isa = PBXFileReference;
			name = "qsvg";
			path = "/Applications/Qt/6.2.4/ios/plugins/imageformats/libqsvg$(QT_LIBRARY_SUFFIX).a";
			refType = 0;
			sourceTree = "<absolute>";
		};
		FAA4315E754F3E14AF54C145 = {
			fileRef = "E5F72C5B55709DEE503379BE";
			isa = PBXBuildFile;
			settings = {
			};
		};
		417168B7DA3E379A05CE832A = {
			isa = PBXFileReference;
			name = "Qt6Svg";
			path = "/Applications/Qt/6.2.4/ios/lib/libQt6Svg$(QT_LIBRARY_SUFFIX).a";
			refType = 0;
			sourceTree = "<absolute>";
		};
		A4B5D9E1E3867A5AC2ADDB56 = {
			fileRef = "417168B7DA3E379A05CE832A";
			isa = PBXBuildFile;
			settings = {
			};
		};
		77CE08444953478D63AA9660 = {
			isa = PBXFileReference;
			name = "Qt6Widgets";
			path = "/Applications/Qt/6.2.4/ios/lib/libQt6Widgets$(QT_LIBRARY_SUFFIX).a";
			refType = 0;
			sourceTree = "<absolute>";
		};
		C1A18D7A57B87012BE3E158F = {
			fileRef = "77CE08444953478D63AA9660";
			isa = PBXBuildFile;
			settings = {
			};
		};
		690928B2F9C2E71941BE1A9C = {
			isa = PBXFileReference;
			name = "qrc_qstyle.cpp.o";
			path = "/Applications/Qt/6.2.4/ios/lib/objects-Debug/Widgets_resources_1/.rcc/qrc_qstyle.cpp.o";
			refType = 0;
			sourceTree = "<absolute>";
		};
		C9B5C543E539717C262FD9E7 = {
			fileRef = "690928B2F9C2E71941BE1A9C";
			isa = PBXBuildFile;
			settings = {
			};
		};
		C0575ED746D09F6815E6FF54 = {
			isa = PBXFileReference;
			name = "qrc_qstyle1.cpp.o";
			path = "/Applications/Qt/6.2.4/ios/lib/objects-Debug/Widgets_resources_2/.rcc/qrc_qstyle1.cpp.o";
			refType = 0;
			sourceTree = "<absolute>";
		};
		B6FC579C2C28038F7D5CB42B = {
			fileRef = "C0575ED746D09F6815E6FF54";
			isa = PBXBuildFile;
			settings = {
			};
		};
		02831F1C12CAD1637844C41B = {
			isa = PBXFileReference;
			name = "qrc_qmessagebox.cpp.o";
			path = "/Applications/Qt/6.2.4/ios/lib/objects-Debug/Widgets_resources_3/.rcc/qrc_qmessagebox.cpp.o";
			refType = 0;
			sourceTree = "<absolute>";
		};
		C579725B61C295D97E21BCF2 = {
			fileRef = "02831F1C12CAD1637844C41B";
			isa = PBXBuildFile;
			settings = {
			};
		};
		25FBB853B8D7BE63A380FA1B = {
			isa = PBXFileReference;
			name = "Qt6Gui";
			path = "/Applications/Qt/6.2.4/ios/lib/libQt6Gui$(QT_LIBRARY_SUFFIX).a";
			refType = 0;
			sourceTree = "<absolute>";
		};
		F565FBFD1CCB80DA53193BBB = {
			fileRef = "25FBB853B8D7BE63A380FA1B";
			isa = PBXBuildFile;
			settings = {
			};
		};
		3A8EF9C62A8D4790CBB89CEA = {
			isa = PBXFileReference;
			name = "ImageIO.framework";
			path = "/System/Library/Frameworks/ImageIO.framework";
			refType = 0;
			sourceTree = "<absolute>";
			lastKnownFileType = "wrapper.framework";
		};
		61EEC397DC8556BF8C4E36A7 = {
			fileRef = "3A8EF9C62A8D4790CBB89CEA";
			isa = PBXBuildFile;
			settings = {
			};
		};
		6AE3EC31EE5BB1FCEE84137C = {
			isa = PBXFileReference;
			name = "CoreGraphics.framework";
			path = "/System/Library/Frameworks/CoreGraphics.framework";
			refType = 0;
			sourceTree = "<absolute>";
			lastKnownFileType = "wrapper.framework";
		};
		0CE02722F00CAD43741297B5 = {
			fileRef = "6AE3EC31EE5BB1FCEE84137C";
			isa = PBXBuildFile;
			settings = {
			};
		};
		8F5105E280E2EDACA1B7E6F4 = {
			isa = PBXFileReference;
			name = "libQt6BundledHarfbuzz_debug.a";
			path = "/Applications/Qt/6.2.4/ios/lib/libQt6BundledHarfbuzz_debug.a";
			refType = 0;
			sourceTree = "<absolute>";
		};
		C198227CA72715C6AAE48F1D = {
			fileRef = "8F5105E280E2EDACA1B7E6F4";
			isa = PBXBuildFile;
			settings = {
			};
		};
		7D7B02101166B76FD2D4F8B4 = {
			isa = PBXFileReference;
			name = "CoreText.framework";
			path = "/System/Library/Frameworks/CoreText.framework";
			refType = 0;
			sourceTree = "<absolute>";
			lastKnownFileType = "wrapper.framework";
		};
		2B02D9DC58A01E45248DDBCE = {
			fileRef = "7D7B02101166B76FD2D4F8B4";
			isa = PBXBuildFile;
			settings = {
			};
		};
		3EDD47EC85931C2734FC6D85 = {
			isa = PBXFileReference;
			name = "libQt6BundledFreetype_debug.a";
			path = "/Applications/Qt/6.2.4/ios/lib/libQt6BundledFreetype_debug.a";
			refType = 0;
			sourceTree = "<absolute>";
		};
		97B4333CE65EACFA826421FB = {
			fileRef = "3EDD47EC85931C2734FC6D85";
			isa = PBXBuildFile;
			settings = {
			};
		};
		166B16E81665C453A013A702 = {
			isa = PBXFileReference;
			name = "libQt6BundledLibpng_debug.a";
			path = "/Applications/Qt/6.2.4/ios/lib/libQt6BundledLibpng_debug.a";
			refType = 0;
			sourceTree = "<absolute>";
		};
		0E945307E56BE06BA05C288A = {
			fileRef = "166B16E81665C453A013A702";
			isa = PBXBuildFile;
			settings = {
			};
		};
		1B2543FCC48E9436F21C4F63 = {
			isa = PBXFileReference;
			name = "Metal.framework";
			path = "/System/Library/Frameworks/Metal.framework";
			refType = 0;
			sourceTree = "<absolute>";
			lastKnownFileType = "wrapper.framework";
		};
		B3FE8FAC746D3D5BB24FA398 = {
			fileRef = "1B2543FCC48E9436F21C4F63";
			isa = PBXBuildFile;
			settings = {
			};
		};
		25E326249680383001997C71 = {
			isa = PBXFileReference;
			name = "Qt6Core";
			path = "/Applications/Qt/6.2.4/ios/lib/libQt6Core$(QT_LIBRARY_SUFFIX).a";
			refType = 0;
			sourceTree = "<absolute>";
		};
		24FFB0D552F9499E5291A0A3 = {
			fileRef = "25E326249680383001997C71";
			isa = PBXBuildFile;
			settings = {
			};
		};
		4D765E1B1EA6C757220C63E7 = {
			isa = PBXFileReference;
			name = "CoreFoundation.framework";
			path = "/System/Library/Frameworks/CoreFoundation.framework";
			refType = 0;
			sourceTree = "<absolute>";
			lastKnownFileType = "wrapper.framework";
		};
		F8B465CE34D8DF87AAE95913 = {
			fileRef = "4D765E1B1EA6C757220C63E7";
			isa = PBXBuildFile;
			settings = {
			};
		};
		FCC237CA5AD60B9BA4447615 = {
			isa = PBXFileReference;
			name = "Foundation.framework";
			path = "/System/Library/Frameworks/Foundation.framework";
			refType = 0;
			sourceTree = "<absolute>";
			lastKnownFileType = "wrapper.framework";
		};
		F26454630C80841CBDCFE1CA = {
			fileRef = "FCC237CA5AD60B9BA4447615";
			isa = PBXBuildFile;
			settings = {
			};
		};
		F43459697CF2BBD68974C856 = {
			isa = PBXFileReference;
			name = "libQt6BundledPcre2_debug.a";
			path = "/Applications/Qt/6.2.4/ios/lib/libQt6BundledPcre2_debug.a";
			refType = 0;
			sourceTree = "<absolute>";
		};
		CCB77F686FEB5FDCB8ACBB80 = {
			fileRef = "F43459697CF2BBD68974C856";
			isa = PBXBuildFile;
			settings = {
			};
		};
		AF39DD055C3EF8226FBE929D = {
			children = (
				"99FD96ADE1D251543886B712",
				"4F7945B1ED44A1F21C5FE046",
				"3C44131FDCFEF4396B9EA2BA",
				"7EC00404ACD5AB0E97726B0E",
				"349CFC51F22360600A6F6BE1",
				"CD47F006E05A08DC575294E1",
				"7937DAC6D19B8AED3FEF5BDF",
				"64966A1FAA4F81D2B948460A",
				"99C054868478B8C14BEC8E1A",
				"E5F72C5B55709DEE503379BE",
				"417168B7DA3E379A05CE832A",
				"77CE08444953478D63AA9660",
				"690928B2F9C2E71941BE1A9C",
				"C0575ED746D09F6815E6FF54",
				"02831F1C12CAD1637844C41B",
				"25FBB853B8D7BE63A380FA1B",
				"3A8EF9C62A8D4790CBB89CEA",
				"6AE3EC31EE5BB1FCEE84137C",
				"8F5105E280E2EDACA1B7E6F4",
				"7D7B02101166B76FD2D4F8B4",
				"3EDD47EC85931C2734FC6D85",
				"166B16E81665C453A013A702",
				"1B2543FCC48E9436F21C4F63",
				"25E326249680383001997C71",
				"4D765E1B1EA6C757220C63E7",
				"FCC237CA5AD60B9BA4447615",
				"F43459697CF2BBD68974C856");
			isa = PBXGroup;
			name = "Frameworks";
			sourceTree = "<group>";
		};
		D1C883685E82D5676953459A = {
			buildActionMask = 2147483647;
			files = (
				"17509B12BF6E917C1B4DAF73",
				"AEE91BF79204CFBAB058851C",
				"4EB68D0C8182BCE33529C421",
				"B460F624007324313696BE86",
				"373727B3EDFE4D6B54908D2E",
				"92BDFAA0F9908851381C9D78",
				"0F9B662F03064A1477412DAC",
				"44F801E992158CBF28440A9A",
				"13F251972B1764A16F1852BC",
				"FAA4315E754F3E14AF54C145",
				"A4B5D9E1E3867A5AC2ADDB56",
				"C1A18D7A57B87012BE3E158F",
				"C9B5C543E539717C262FD9E7",
				"B6FC579C2C28038F7D5CB42B",
				"C579725B61C295D97E21BCF2",
				"F565FBFD1CCB80DA53193BBB",
				"61EEC397DC8556BF8C4E36A7",
				"0CE02722F00CAD43741297B5",
				"C198227CA72715C6AAE48F1D",
				"2B02D9DC58A01E45248DDBCE",
				"97B4333CE65EACFA826421FB",
				"0E945307E56BE06BA05C288A",
				"B3FE8FAC746D3D5BB24FA398",
				"24FFB0D552F9499E5291A0A3",
				"F8B465CE34D8DF87AAE95913",
				"F26454630C80841CBDCFE1CA",
				"CCB77F686FEB5FDCB8ACBB80");
			isa = PBXFrameworksBuildPhase;
			runOnlyForDeploymentPostprocessing = 0;
			name = "Link Binary With Libraries";
		};
		842007B7C2681B6D1E159355 = {
			isa = PBXFileReference;
			path = "/Users/marcus/Documents/Dev/Repo/Genshin-Impact-BWiKi-NPC-Editor/Visual Editor/build-NPC-Handler-Qt_6_2_4_for_iOS_Simulator-Debug/NPC-Handler.xcodeproj/LaunchScreen.storyboard";
			name = "LaunchScreen.storyboard";
			sourceTree = "<absolute>";
		};
		FF9EF40A64A91E907DF2CB73 = {
			fileRef = "842007B7C2681B6D1E159355";
			isa = PBXBuildFile;
		};
		858FCAB0EB1F29CF8B07677C = {
			children = (
				"842007B7C2681B6D1E159355");
			isa = PBXGroup;
			name = "Bundle Data";
			sourceTree = "<group>";
		};
		30414803F31797EB689AE508 = {
			buildActionMask = 2147483647;
			files = (
				"FF9EF40A64A91E907DF2CB73");
			isa = PBXResourcesBuildPhase;
			runOnlyForDeploymentPostprocessing = 0;
			name = "Copy Bundle Resources";
		};
		99542592E9780B9225F24AA8 = {
			isa = PBXCopyFilesBuildPhase;
			buildActionMask = 2147483647;
			dstPath = "";
			dstSubfolderSpec = 10;
			files = (
				);
			name = "Embed Frameworks";
			runOnlyForDeploymentPostprocessing = 0;
		};
		3CF3E7791587FCC237E84002 = {
			isa = PBXFileReference;
			includeInIndex = 0;
			explicitFileType = "wrapper.application";
			path = "NPC-Handler.app";
			sourceTree = BUILT_PRODUCTS_DIR;
		};
		FE0A091FDBFB3E9C31B7A1BD = {
			children = (
				"3CF3E7791587FCC237E84002");
			isa = PBXGroup;
			name = "Products";
			sourceTree = "<group>";
		};
		E8C543AB96796ECAA2E65C57 = {
			children = (
				"2EB56BE3C2D93CDAB0C52E67",
				"25B08E2869634E9BCBA333A2",
				"8F35EA053E3F6379461B8678",
				"87DF60DE337FB58864343E39",
				"12E908B8A1C3C07C115504F5",
				"74B182DB50CB5611B5C1C297",
				"AF39DD055C3EF8226FBE929D",
				"858FCAB0EB1F29CF8B07677C",
				"FE0A091FDBFB3E9C31B7A1BD");
			isa = PBXGroup;
			name = "NPC-Handler";
			sourceTree = "<group>";
		};
		B4DB9F98346BE3CB1F8F8574 = {
			buildPhases = (
				"5E618435888B9D49F8540165",
				"7EF0942E79C014DCEC8976BC");
			dependencies = (
				);
			buildConfigurationList = 6CC3B5D2136C7CD6A5CF5A59;
			isa = PBXAggregateTarget;
			buildRules = (
);
			productName = "Qt Preprocess";
			name = "Qt Preprocess";
		};
		5B0605403F78E43F80AE1450 = {
			isa = PBXTargetDependency;
			target = "B4DB9F98346BE3CB1F8F8574";
		};
		86EBFF72E990F7F3A2090FB6 = {
			buildPhases = (
				"F7E50F631C51CD5B5DC0BC43",
				"D1C883685E82D5676953459A",
				"30414803F31797EB689AE508",
				"99542592E9780B9225F24AA8");
			dependencies = (
				"5B0605403F78E43F80AE1450");
			productReference = "3CF3E7791587FCC237E84002";
			buildConfigurationList = 6CC3B5D2136C7CD6A5CF5A59;
			isa = PBXNativeTarget;
			buildRules = (
);
			productType = "com.apple.product-type.application";
			name = "NPC-Handler";
			productName = "NPC-Handler";
		};
		3AA6C32AC930069E80220CF1 = {
			isa = XCBuildConfiguration;
			buildSettings = {
				APPLICATION_EXTENSION_API_ONLY = "NO";
				"ARCHS[sdk=iphoneos*]" = "arm64";
				"ARCHS[sdk=iphonesimulator*]" = "x86_64";
				COPY_PHASE_STRIP = "NO";
				DEBUG_INFORMATION_FORMAT = "dwarf";
				DEVELOPMENT_TEAM = "854X7K7DLQ";
				ENABLE_BITCODE = "YES";
				GCC_OPTIMIZATION_LEVEL = "0";
				ONLY_ACTIVE_ARCH = "YES";
				PRODUCT_BUNDLE_IDENTIFIER = "marcus.${PRODUCT_NAME:rfc1034identifier}";
				PRODUCT_NAME = "NPC-Handler";
				QMAKE_FULL_VERSION = "1.0.0";
				"QMAKE_MAC_SDK_PATH[sdk=iphoneos*]" = "/Applications/Xcode.app/Contents/Developer/Platforms/iPhoneOS.platform/Developer/SDKs/iPhoneOS13.2.sdk";
				"QMAKE_MAC_SDK_PATH[sdk=iphonesimulator*]" = "/Applications/Xcode.app/Contents/Developer/Platforms/iPhoneSimulator.platform/Developer/SDKs/iPhoneSimulator13.2.sdk";
				"QMAKE_MAC_SDK_PLATFORM_PATH[sdk=iphoneos*]" = "/Applications/Xcode.app/Contents/Developer/Platforms/iPhoneOS.platform";
				"QMAKE_MAC_SDK_PLATFORM_PATH[sdk=iphonesimulator*]" = "/Applications/Xcode.app/Contents/Developer/Platforms/iPhoneSimulator.platform";
				QMAKE_PKGINFO_TYPEINFO = "????";
				QMAKE_SHORT_VERSION = "1.0";
				QT_LIBRARY_SUFFIX = "_debug";
				SDKROOT = "iphoneos";
				TARGETED_DEVICE_FAMILY = "1,2";
				GCC_VERSION = com.apple.compilers.llvm.clang.1_0;
				CC = "/Applications/Xcode.app/Contents/Developer/Toolchains/XcodeDefault.xctoolchain/usr/bin/clang";
				LDPLUSPLUS = "/Applications/Xcode.app/Contents/Developer/Toolchains/XcodeDefault.xctoolchain/usr/bin/clang++";
				INFOPLIST_FILE = "Info.plist";
				SYMROOT = "$(PROJECT_DIR)";
				DYLIB_CURRENT_VERSION = "1.0.0";
				DYLIB_COMPATIBILITY_VERSION = "1.0";
				MACOSX_DEPLOYMENT_TARGET = "13.0";
				IPHONEOS_DEPLOYMENT_TARGET = "13.0";
				CODE_SIGN_IDENTITY = "iPhone Developer";
				HEADER_SEARCH_PATHS = (
					"../../Visual-Editor/NPC-Handler",
					".",
					"/Applications/Qt/6.2.4/ios/mkspecs/common/uikit",
					"/Applications/Qt/6.2.4/ios/include",
					"/Applications/Qt/6.2.4/ios/include/QtWidgets",
					"/Applications/Qt/6.2.4/ios/include/QtGui",
					"/Applications/Qt/6.2.4/ios/include/QtCore",
					".",
					".",
					"/Applications/Qt/6.2.4/ios/mkspecs/macx-ios-clang");
				LIBRARY_SEARCH_PATHS = (
					"/Applications/Qt/6.2.4/ios/plugins/platforms",
					"/Applications/Qt/6.2.4/ios/lib/objects-Debug/Gui_resources_1/.rcc",
					"/System/Library/Frameworks/",
					"/Applications/Qt/6.2.4/ios/lib",
					"/Applications/Qt/6.2.4/ios/plugins/iconengines",
					"/Applications/Qt/6.2.4/ios/plugins/imageformats",
					"/Applications/Qt/6.2.4/ios/lib/objects-Debug/Widgets_resources_1/.rcc",
					"/Applications/Qt/6.2.4/ios/lib/objects-Debug/Widgets_resources_2/.rcc",
					"/Applications/Qt/6.2.4/ios/lib/objects-Debug/Widgets_resources_3/.rcc");
				FRAMEWORK_SEARCH_PATHS = "";
				OTHER_CFLAGS = (
					"-pipe",
					"-g",
					"-fobjc-nonfragile-abi",
					"-fobjc-legacy-dispatch",
					"-Wall",
					"-Wextra",
					"-fPIC",
					"-DQT_COMPILER_SUPPORTS_SSE2",
					"-DQT_QML_DEBUG",
					"-DQT_WIDGETS_LIB",
					"-DQT_GUI_LIB",
					"-DQT_CORE_LIB");
				OTHER_CPLUSPLUSFLAGS = (
					"-pipe",
					"-stdlib=libc++",
					"-g",
					"-std=gnu++1z",
					"-fobjc-nonfragile-abi",
					"-fobjc-legacy-dispatch",
					"-Wall",
					"-Wextra",
					"-fPIC",
					"-DQT_COMPILER_SUPPORTS_SSE2",
					"-DQT_QML_DEBUG",
					"-DQT_WIDGETS_LIB",
					"-DQT_GUI_LIB",
					"-DQT_CORE_LIB");
				OTHER_LDFLAGS = (
						"-stdlib=libc++",
						"-Wl,-rpath,@executable_path/Frameworks",
						"-framework",
						"AssetsLibrary",
						"-lz",
						"-lm",
						"-framework",
						"MobileCoreServices",
						"-framework",
						"UIKit",
						"-framework",
						"OpenGLES",
						"-Wl,-e,_qt_main_wrapper");
				ARCHS = "arm64 x86_64";
			};
			name = "Debug";
		};
		77418F46922677BB04ED38DD = {
			isa = XCBuildConfiguration;
			buildSettings = {
				APPLICATION_EXTENSION_API_ONLY = "NO";
				"ARCHS[sdk=iphoneos*]" = "arm64";
				"ARCHS[sdk=iphonesimulator*]" = "x86_64";
				COPY_PHASE_STRIP = "NO";
				DEBUG_INFORMATION_FORMAT = "dwarf";
				DEVELOPMENT_TEAM = "854X7K7DLQ";
				ENABLE_BITCODE = "YES";
				GCC_OPTIMIZATION_LEVEL = "0";
				ONLY_ACTIVE_ARCH = "YES";
				PRODUCT_BUNDLE_IDENTIFIER = "marcus.${PRODUCT_NAME:rfc1034identifier}";
				PRODUCT_NAME = "NPC-Handler";
				QMAKE_FULL_VERSION = "1.0.0";
				"QMAKE_MAC_SDK_PATH[sdk=iphoneos*]" = "/Applications/Xcode.app/Contents/Developer/Platforms/iPhoneOS.platform/Developer/SDKs/iPhoneOS13.2.sdk";
				"QMAKE_MAC_SDK_PATH[sdk=iphonesimulator*]" = "/Applications/Xcode.app/Contents/Developer/Platforms/iPhoneSimulator.platform/Developer/SDKs/iPhoneSimulator13.2.sdk";
				"QMAKE_MAC_SDK_PLATFORM_PATH[sdk=iphoneos*]" = "/Applications/Xcode.app/Contents/Developer/Platforms/iPhoneOS.platform";
				"QMAKE_MAC_SDK_PLATFORM_PATH[sdk=iphonesimulator*]" = "/Applications/Xcode.app/Contents/Developer/Platforms/iPhoneSimulator.platform";
				QMAKE_PKGINFO_TYPEINFO = "????";
				QMAKE_SHORT_VERSION = "1.0";
				QT_LIBRARY_SUFFIX = "_debug";
				SDKROOT = "iphoneos";
				TARGETED_DEVICE_FAMILY = "1,2";
				PRODUCT_NAME = "NPC-Handler";
			};
			name = "Debug";
		};
		339EE1B2CC4FC24589A0EA95 = {
			isa = XCBuildConfiguration;
			buildSettings = {
				APPLICATION_EXTENSION_API_ONLY = "NO";
				"ARCHS[sdk=iphoneos*]" = "arm64";
				"ARCHS[sdk=iphonesimulator*]" = "x86_64";
				COPY_PHASE_STRIP = "NO";
				DEVELOPMENT_TEAM = "854X7K7DLQ";
				ENABLE_BITCODE = "YES";
				PRODUCT_BUNDLE_IDENTIFIER = "marcus.${PRODUCT_NAME:rfc1034identifier}";
				PRODUCT_NAME = "NPC-Handler";
				QMAKE_FULL_VERSION = "1.0.0";
				"QMAKE_MAC_SDK_PATH[sdk=iphoneos*]" = "/Applications/Xcode.app/Contents/Developer/Platforms/iPhoneOS.platform/Developer/SDKs/iPhoneOS13.2.sdk";
				"QMAKE_MAC_SDK_PATH[sdk=iphonesimulator*]" = "/Applications/Xcode.app/Contents/Developer/Platforms/iPhoneSimulator.platform/Developer/SDKs/iPhoneSimulator13.2.sdk";
				"QMAKE_MAC_SDK_PLATFORM_PATH[sdk=iphoneos*]" = "/Applications/Xcode.app/Contents/Developer/Platforms/iPhoneOS.platform";
				"QMAKE_MAC_SDK_PLATFORM_PATH[sdk=iphonesimulator*]" = "/Applications/Xcode.app/Contents/Developer/Platforms/iPhoneSimulator.platform";
				QMAKE_PKGINFO_TYPEINFO = "????";
				QMAKE_SHORT_VERSION = "1.0";
				QT_LIBRARY_SUFFIX = "";
				SDKROOT = "iphoneos";
				TARGETED_DEVICE_FAMILY = "1,2";
				GCC_VERSION = com.apple.compilers.llvm.clang.1_0;
				CC = "/Applications/Xcode.app/Contents/Developer/Toolchains/XcodeDefault.xctoolchain/usr/bin/clang";
				LDPLUSPLUS = "/Applications/Xcode.app/Contents/Developer/Toolchains/XcodeDefault.xctoolchain/usr/bin/clang++";
				INFOPLIST_FILE = "Info.plist";
				SYMROOT = "$(PROJECT_DIR)";
				DYLIB_CURRENT_VERSION = "1.0.0";
				DYLIB_COMPATIBILITY_VERSION = "1.0";
				MACOSX_DEPLOYMENT_TARGET = "13.0";
				IPHONEOS_DEPLOYMENT_TARGET = "13.0";
				CODE_SIGN_IDENTITY = "iPhone Developer";
				HEADER_SEARCH_PATHS = (
					"../../Visual-Editor/NPC-Handler",
					".",
					"/Applications/Qt/6.2.4/ios/mkspecs/common/uikit",
					"/Applications/Qt/6.2.4/ios/include",
					"/Applications/Qt/6.2.4/ios/include/QtWidgets",
					"/Applications/Qt/6.2.4/ios/include/QtGui",
					"/Applications/Qt/6.2.4/ios/include/QtCore",
					".",
					".",
					"/Applications/Qt/6.2.4/ios/mkspecs/macx-ios-clang");
				LIBRARY_SEARCH_PATHS = (
					"/Applications/Qt/6.2.4/ios/plugins/platforms",
					"/Applications/Qt/6.2.4/ios/lib/objects-Debug/Gui_resources_1/.rcc",
					"/System/Library/Frameworks/",
					"/Applications/Qt/6.2.4/ios/lib",
					"/Applications/Qt/6.2.4/ios/plugins/iconengines",
					"/Applications/Qt/6.2.4/ios/plugins/imageformats",
					"/Applications/Qt/6.2.4/ios/lib/objects-Debug/Widgets_resources_1/.rcc",
					"/Applications/Qt/6.2.4/ios/lib/objects-Debug/Widgets_resources_2/.rcc",
					"/Applications/Qt/6.2.4/ios/lib/objects-Debug/Widgets_resources_3/.rcc");
				FRAMEWORK_SEARCH_PATHS = "";
				OTHER_CFLAGS = (
					"-pipe",
					"-g",
					"-fobjc-nonfragile-abi",
					"-fobjc-legacy-dispatch",
					"-Wall",
					"-Wextra",
					"-fPIC",
					"-DQT_COMPILER_SUPPORTS_SSE2",
					"-DQT_QML_DEBUG",
					"-DQT_WIDGETS_LIB",
					"-DQT_GUI_LIB",
					"-DQT_CORE_LIB");
				OTHER_CPLUSPLUSFLAGS = (
					"-pipe",
					"-stdlib=libc++",
					"-g",
					"-std=gnu++1z",
					"-fobjc-nonfragile-abi",
					"-fobjc-legacy-dispatch",
					"-Wall",
					"-Wextra",
					"-fPIC",
					"-DQT_COMPILER_SUPPORTS_SSE2",
					"-DQT_QML_DEBUG",
					"-DQT_WIDGETS_LIB",
					"-DQT_GUI_LIB",
					"-DQT_CORE_LIB");
				OTHER_LDFLAGS = (
						"-stdlib=libc++",
						"-Wl,-rpath,@executable_path/Frameworks",
						"-framework",
						"AssetsLibrary",
						"-lz",
						"-lm",
						"-framework",
						"MobileCoreServices",
						"-framework",
						"UIKit",
						"-framework",
						"OpenGLES",
						"-Wl,-e,_qt_main_wrapper");
				ARCHS = "arm64 x86_64";
			};
			name = "Release";
		};
		6666AA5E688052234F6758D8 = {
			isa = XCBuildConfiguration;
			buildSettings = {
				APPLICATION_EXTENSION_API_ONLY = "NO";
				"ARCHS[sdk=iphoneos*]" = "arm64";
				"ARCHS[sdk=iphonesimulator*]" = "x86_64";
				COPY_PHASE_STRIP = "NO";
				DEVELOPMENT_TEAM = "854X7K7DLQ";
				ENABLE_BITCODE = "YES";
				PRODUCT_BUNDLE_IDENTIFIER = "marcus.${PRODUCT_NAME:rfc1034identifier}";
				PRODUCT_NAME = "NPC-Handler";
				QMAKE_FULL_VERSION = "1.0.0";
				"QMAKE_MAC_SDK_PATH[sdk=iphoneos*]" = "/Applications/Xcode.app/Contents/Developer/Platforms/iPhoneOS.platform/Developer/SDKs/iPhoneOS13.2.sdk";
				"QMAKE_MAC_SDK_PATH[sdk=iphonesimulator*]" = "/Applications/Xcode.app/Contents/Developer/Platforms/iPhoneSimulator.platform/Developer/SDKs/iPhoneSimulator13.2.sdk";
				"QMAKE_MAC_SDK_PLATFORM_PATH[sdk=iphoneos*]" = "/Applications/Xcode.app/Contents/Developer/Platforms/iPhoneOS.platform";
				"QMAKE_MAC_SDK_PLATFORM_PATH[sdk=iphonesimulator*]" = "/Applications/Xcode.app/Contents/Developer/Platforms/iPhoneSimulator.platform";
				QMAKE_PKGINFO_TYPEINFO = "????";
				QMAKE_SHORT_VERSION = "1.0";
				QT_LIBRARY_SUFFIX = "";
				SDKROOT = "iphoneos";
				TARGETED_DEVICE_FAMILY = "1,2";
				PRODUCT_NAME = "NPC-Handler";
			};
			name = "Release";
		};
		DAC4C1AA5EDEA1C85E9CA5E6 = {
			isa = XCConfigurationList;
			buildConfigurations = (
				"3AA6C32AC930069E80220CF1",
				"339EE1B2CC4FC24589A0EA95");
			defaultConfigurationIsVisible = 0;
			defaultConfigurationName = "Debug";
		};
		6CC3B5D2136C7CD6A5CF5A59 = {
			isa = XCConfigurationList;
			buildConfigurations = (
				"77418F46922677BB04ED38DD",
				"6666AA5E688052234F6758D8");
			defaultConfigurationIsVisible = 0;
			defaultConfigurationName = "Debug";
		};
		6DB9C3763D02B1415CD9D565 = {
			hasScannedForEncodings = 1;
			compatibilityVersion = "Xcode 3.2";
			isa = PBXProject;
			mainGroup = "E8C543AB96796ECAA2E65C57";
			productRefGroup = "FE0A091FDBFB3E9C31B7A1BD";
			buildConfigurationList = "DAC4C1AA5EDEA1C85E9CA5E6";
			projectDirPath = "";
			projectRoot = "";
			targets = (
				"86EBFF72E990F7F3A2090FB6",
				"B4DB9F98346BE3CB1F8F8574");
			attributes = {
				TargetAttributes = {
				};
			};
		};
	};
	rootObject = "6DB9C3763D02B1415CD9D565";
}
